// !$*UTF8*$!
{
	archiveVersion = 1;
	classes = {
	};
	objectVersion = 50;
	objects = {

/* Begin PBXBuildFile section */
		DB585BD026467FCC008DE72A /* AppDelegate.m in Sources */ = {isa = PBXBuildFile; fileRef = DB585BCF26467FCC008DE72A /* AppDelegate.m */; };
		DB585BD326467FCC008DE72A /* SceneDelegate.m in Sources */ = {isa = PBXBuildFile; fileRef = DB585BD226467FCC008DE72A /* SceneDelegate.m */; };
		DB585BD626467FCC008DE72A /* ViewController.m in Sources */ = {isa = PBXBuildFile; fileRef = DB585BD526467FCC008DE72A /* ViewController.m */; };
		DB585BD926467FCC008DE72A /* Main.storyboard in Resources */ = {isa = PBXBuildFile; fileRef = DB585BD726467FCC008DE72A /* Main.storyboard */; };
		DB585BDB26467FCE008DE72A /* Assets.xcassets in Resources */ = {isa = PBXBuildFile; fileRef = DB585BDA26467FCE008DE72A /* Assets.xcassets */; };
		DB585BDE26467FCE008DE72A /* LaunchScreen.storyboard in Resources */ = {isa = PBXBuildFile; fileRef = DB585BDC26467FCE008DE72A /* LaunchScreen.storyboard */; };
		DB585BE126467FCE008DE72A /* main.m in Sources */ = {isa = PBXBuildFile; fileRef = DB585BE026467FCE008DE72A /* main.m */; };
/* End PBXBuildFile section */

/* Begin PBXFileReference section */
		DB585BCB26467FCC008DE72A /* iPATools.app */ = {isa = PBXFileReference; explicitFileType = wrapper.application; includeInIndex = 0; path = iPATools.app; sourceTree = BUILT_PRODUCTS_DIR; };
		DB585BCE26467FCC008DE72A /* AppDelegate.h */ = {isa = PBXFileReference; lastKnownFileType = sourcecode.c.h; path = AppDelegate.h; sourceTree = "<group>"; };
		DB585BCF26467FCC008DE72A /* AppDelegate.m */ = {isa = PBXFileReference; lastKnownFileType = sourcecode.c.objc; path = AppDelegate.m; sourceTree = "<group>"; };
		DB585BD126467FCC008DE72A /* SceneDelegate.h */ = {isa = PBXFileReference; lastKnownFileType = sourcecode.c.h; path = SceneDelegate.h; sourceTree = "<group>"; };
		DB585BD226467FCC008DE72A /* SceneDelegate.m */ = {isa = PBXFileReference; lastKnownFileType = sourcecode.c.objc; path = SceneDelegate.m; sourceTree = "<group>"; };
		DB585BD426467FCC008DE72A /* ViewController.h */ = {isa = PBXFileReference; lastKnownFileType = sourcecode.c.h; path = ViewController.h; sourceTree = "<group>"; };
		DB585BD526467FCC008DE72A /* ViewController.m */ = {isa = PBXFileReference; lastKnownFileType = sourcecode.c.objc; path = ViewController.m; sourceTree = "<group>"; };
		DB585BD826467FCC008DE72A /* Base */ = {isa = PBXFileReference; lastKnownFileType = file.storyboard; name = Base; path = Base.lproj/Main.storyboard; sourceTree = "<group>"; };
		DB585BDA26467FCE008DE72A /* Assets.xcassets */ = {isa = PBXFileReference; lastKnownFileType = folder.assetcatalog; path = Assets.xcassets; sourceTree = "<group>"; };
		DB585BDD26467FCE008DE72A /* Base */ = {isa = PBXFileReference; lastKnownFileType = file.storyboard; name = Base; path = Base.lproj/LaunchScreen.storyboard; sourceTree = "<group>"; };
		DB585BDF26467FCE008DE72A /* Info.plist */ = {isa = PBXFileReference; lastKnownFileType = text.plist.xml; path = Info.plist; sourceTree = "<group>"; };
		DB585BE026467FCE008DE72A /* main.m */ = {isa = PBXFileReference; lastKnownFileType = sourcecode.c.objc; path = main.m; sourceTree = "<group>"; };
/* End PBXFileReference section */

/* Begin PBXFrameworksBuildPhase section */
		DB585BC826467FCC008DE72A /* Frameworks */ = {
			isa = PBXFrameworksBuildPhase;
			buildActionMask = 2147483647;
			files = (
			);
			runOnlyForDeploymentPostprocessing = 0;
		};
/* End PBXFrameworksBuildPhase section */

/* Begin PBXGroup section */
		DB585BC226467FCC008DE72A = {
			isa = PBXGroup;
			children = (
				DB585BCD26467FCC008DE72A /* iPATools */,
				DB585BCC26467FCC008DE72A /* Products */,
			);
			sourceTree = "<group>";
		};
		DB585BCC26467FCC008DE72A /* Products */ = {
			isa = PBXGroup;
			children = (
				DB585BCB26467FCC008DE72A /* iPATools.app */,
			);
			name = Products;
			sourceTree = "<group>";
		};
		DB585BCD26467FCC008DE72A /* iPATools */ = {
			isa = PBXGroup;
			children = (
				DB585BCE26467FCC008DE72A /* AppDelegate.h */,
				DB585BCF26467FCC008DE72A /* AppDelegate.m */,
				DB585BD126467FCC008DE72A /* SceneDelegate.h */,
				DB585BD226467FCC008DE72A /* SceneDelegate.m */,
				DB585BD426467FCC008DE72A /* ViewController.h */,
				DB585BD526467FCC008DE72A /* ViewController.m */,
				DB585BD726467FCC008DE72A /* Main.storyboard */,
				DB585BDA26467FCE008DE72A /* Assets.xcassets */,
				DB585BDC26467FCE008DE72A /* LaunchScreen.storyboard */,
				DB585BDF26467FCE008DE72A /* Info.plist */,
				DB585BE026467FCE008DE72A /* main.m */,
			);
			path = iPATools;
			sourceTree = "<group>";
		};
/* End PBXGroup section */

/* Begin PBXNativeTarget section */
		DB585BCA26467FCC008DE72A /* iPATools */ = {
			isa = PBXNativeTarget;
			buildConfigurationList = DB585BE426467FCE008DE72A /* Build configuration list for PBXNativeTarget "iPATools" */;
			buildPhases = (
				DB585BC726467FCC008DE72A /* Sources */,
				DB585BC826467FCC008DE72A /* Frameworks */,
				DB585BC926467FCC008DE72A /* Resources */,
			);
			buildRules = (
			);
			dependencies = (
			);
			name = iPATools;
			productName = iPATools;
			productReference = DB585BCB26467FCC008DE72A /* iPATools.app */;
			productType = "com.apple.product-type.application";
		};
/* End PBXNativeTarget section */

/* Begin PBXProject section */
		DB585BC326467FCC008DE72A /* Project object */ = {
			isa = PBXProject;
			attributes = {
				LastUpgradeCheck = 1240;
				TargetAttributes = {
					DB585BCA26467FCC008DE72A = {
						CreatedOnToolsVersion = 12.4;
					};
				};
			};
			buildConfigurationList = DB585BC626467FCC008DE72A /* Build configuration list for PBXProject "iPATools" */;
			compatibilityVersion = "Xcode 9.3";
			developmentRegion = en;
			hasScannedForEncodings = 0;
			knownRegions = (
				en,
				Base,
			);
			mainGroup = DB585BC226467FCC008DE72A;
			productRefGroup = DB585BCC26467FCC008DE72A /* Products */;
			projectDirPath = "";
			projectRoot = "";
			targets = (
				DB585BCA26467FCC008DE72A /* iPATools */,
			);
		};
/* End PBXProject section */

/* Begin PBXResourcesBuildPhase section */
		DB585BC926467FCC008DE72A /* Resources */ = {
			isa = PBXResourcesBuildPhase;
			buildActionMask = 2147483647;
			files = (
				DB585BDE26467FCE008DE72A /* LaunchScreen.storyboard in Resources */,
				DB585BDB26467FCE008DE72A /* Assets.xcassets in Resources */,
				DB585BD926467FCC008DE72A /* Main.storyboard in Resources */,
			);
			runOnlyForDeploymentPostprocessing = 0;
		};
/* End PBXResourcesBuildPhase section */

/* Begin PBXSourcesBuildPhase section */
		DB585BC726467FCC008DE72A /* Sources */ = {
			isa = PBXSourcesBuildPhase;
			buildActionMask = 2147483647;
			files = (
				DB585BD626467FCC008DE72A /* ViewController.m in Sources */,
				DB585BD026467FCC008DE72A /* AppDelegate.m in Sources */,
				DB585BE126467FCE008DE72A /* main.m in Sources */,
				DB585BD326467FCC008DE72A /* SceneDelegate.m in Sources */,
			);
			runOnlyForDeploymentPostprocessing = 0;
		};
/* End PBXSourcesBuildPhase section */

/* Begin PBXVariantGroup section */
		DB585BD726467FCC008DE72A /* Main.storyboard */ = {
			isa = PBXVariantGroup;
			children = (
				DB585BD826467FCC008DE72A /* Base */,
			);
			name = Main.storyboard;
			sourceTree = "<group>";
		};
		DB585BDC26467FCE008DE72A /* LaunchScreen.storyboard */ = {
			isa = PBXVariantGroup;
			children = (
				DB585BDD26467FCE008DE72A /* Base */,
			);
			name = LaunchScreen.storyboard;
			sourceTree = "<group>";
		};
/* End PBXVariantGroup section */

/* Begin XCBuildConfiguration section */
		DB585BE226467FCE008DE72A /* Debug */ = {
			isa = XCBuildConfiguration;
			buildSettings = {
				ALWAYS_SEARCH_USER_PATHS = NO;
				CLANG_ANALYZER_NONNULL = YES;
				CLANG_ANALYZER_NUMBER_OBJECT_CONVERSION = YES_AGGRESSIVE;
				CLANG_CXX_LANGUAGE_STANDARD = "gnu++14";
				CLANG_CXX_LIBRARY = "libc++";
				CLANG_ENABLE_MODULES = YES;
				CLANG_ENABLE_OBJC_ARC = YES;
				CLANG_ENABLE_OBJC_WEAK = YES;
				CLANG_WARN_BLOCK_CAPTURE_AUTORELEASING = YES;
				CLANG_WARN_BOOL_CONVERSION = YES;
				CLANG_WARN_COMMA = YES;
				CLANG_WARN_CONSTANT_CONVERSION = YES;
				CLANG_WARN_DEPRECATED_OBJC_IMPLEMENTATIONS = YES;
				CLANG_WARN_DIRECT_OBJC_ISA_USAGE = YES_ERROR;
				CLANG_WARN_DOCUMENTATION_COMMENTS = YES;
				CLANG_WARN_EMPTY_BODY = YES;
				CLANG_WARN_ENUM_CONVERSION = YES;
				CLANG_WARN_INFINITE_RECURSION = YES;
				CLANG_WARN_INT_CONVERSION = YES;
				CLANG_WARN_NON_LITERAL_NULL_CONVERSION = YES;
				CLANG_WARN_OBJC_IMPLICIT_RETAIN_SELF = YES;
				CLANG_WARN_OBJC_LITERAL_CONVERSION = YES;
				CLANG_WARN_OBJC_ROOT_CLASS = YES_ERROR;
				CLANG_WARN_QUOTED_INCLUDE_IN_FRAMEWORK_HEADER = YES;
				CLANG_WARN_RANGE_LOOP_ANALYSIS = YES;
				CLANG_WARN_STRICT_PROTOTYPES = YES;
				CLANG_WARN_SUSPICIOUS_MOVE = YES;
				CLANG_WARN_UNGUARDED_AVAILABILITY = YES_AGGRESSIVE;
				CLANG_WARN_UNREACHABLE_CODE = YES;
				CLANG_WARN__DUPLICATE_METHOD_MATCH = YES;
				COPY_PHASE_STRIP = NO;
				DEBUG_INFORMATION_FORMAT = dwarf;
				ENABLE_STRICT_OBJC_MSGSEND = YES;
				ENABLE_TESTABILITY = YES;
				GCC_C_LANGUAGE_STANDARD = gnu11;
				GCC_DYNAMIC_NO_PIC = NO;
				GCC_NO_COMMON_BLOCKS = YES;
				GCC_OPTIMIZATION_LEVEL = 0;
				GCC_PREPROCESSOR_DEFINITIONS = (
					"DEBUG=1",
					"$(inherited)",
				);
				GCC_WARN_64_TO_32_BIT_CONVERSION = YES;
				GCC_WARN_ABOUT_RETURN_TYPE = YES_ERROR;
				GCC_WARN_UNDECLARED_SELECTOR = YES;
				GCC_WARN_UNINITIALIZED_AUTOS = YES_AGGRESSIVE;
				GCC_WARN_UNUSED_FUNCTION = YES;
				GCC_WARN_UNUSED_VARIABLE = YES;
				IPHONEOS_DEPLOYMENT_TARGET = 14.4;
				MTL_ENABLE_DEBUG_INFO = INCLUDE_SOURCE;
				MTL_FAST_MATH = YES;
				ONLY_ACTIVE_ARCH = YES;
				SDKROOT = iphoneos;
			};
			name = Debug;
		};
		DB585BE326467FCE008DE72A /* Release */ = {
			isa = XCBuildConfiguration;
			buildSettings = {
				ALWAYS_SEARCH_USER_PATHS = NO;
				CLANG_ANALYZER_NONNULL = YES;
				CLANG_ANALYZER_NUMBER_OBJECT_CONVERSION = YES_AGGRESSIVE;
				CLANG_CXX_LANGUAGE_STANDARD = "gnu++14";
				CLANG_CXX_LIBRARY = "libc++";
				CLANG_ENABLE_MODULES = YES;
				CLANG_ENABLE_OBJC_ARC = YES;
				CLANG_ENABLE_OBJC_WEAK = YES;
				CLANG_WARN_BLOCK_CAPTURE_AUTORELEASING = YES;
				CLANG_WARN_BOOL_CONVERSION = YES;
				CLANG_WARN_COMMA = YES;
				CLANG_WARN_CONSTANT_CONVERSION = YES;
				CLANG_WARN_DEPRECATED_OBJC_IMPLEMENTATIONS = YES;
				CLANG_WARN_DIRECT_OBJC_ISA_USAGE = YES_ERROR;
				CLANG_WARN_DOCUMENTATION_COMMENTS = YES;
				CLANG_WARN_EMPTY_BODY = YES;
				CLANG_WARN_ENUM_CONVERSION = YES;
				CLANG_WARN_INFINITE_RECURSION = YES;
				CLANG_WARN_INT_CONVERSION = YES;
				CLANG_WARN_NON_LITERAL_NULL_CONVERSION = YES;
				CLANG_WARN_OBJC_IMPLICIT_RETAIN_SELF = YES;
				CLANG_WARN_OBJC_LITERAL_CONVERSION = YES;
				CLANG_WARN_OBJC_ROOT_CLASS = YES_ERROR;
				CLANG_WARN_QUOTED_INCLUDE_IN_FRAMEWORK_HEADER = YES;
				CLANG_WARN_RANGE_LOOP_ANALYSIS = YES;
				CLANG_WARN_STRICT_PROTOTYPES = YES;
				CLANG_WARN_SUSPICIOUS_MOVE = YES;
				CLANG_WARN_UNGUARDED_AVAILABILITY = YES_AGGRESSIVE;
				CLANG_WARN_UNREACHABLE_CODE = YES;
				CLANG_WARN__DUPLICATE_METHOD_MATCH = YES;
				COPY_PHASE_STRIP = NO;
				DEBUG_INFORMATION_FORMAT = "dwarf-with-dsym";
				ENABLE_NS_ASSERTIONS = NO;
				ENABLE_STRICT_OBJC_MSGSEND = YES;
				GCC_C_LANGUAGE_STANDARD = gnu11;
				GCC_NO_COMMON_BLOCKS = YES;
				GCC_WARN_64_TO_32_BIT_CONVERSION = YES;
				GCC_WARN_ABOUT_RETURN_TYPE = YES_ERROR;
				GCC_WARN_UNDECLARED_SELECTOR = YES;
				GCC_WARN_UNINITIALIZED_AUTOS = YES_AGGRESSIVE;
				GCC_WARN_UNUSED_FUNCTION = YES;
				GCC_WARN_UNUSED_VARIABLE = YES;
				IPHONEOS_DEPLOYMENT_TARGET = 14.4;
				MTL_ENABLE_DEBUG_INFO = NO;
				MTL_FAST_MATH = YES;
				SDKROOT = iphoneos;
				VALIDATE_PRODUCT = YES;
			};
			name = Release;
		};
		DB585BE526467FCE008DE72A /* Debug */ = {
			isa = XCBuildConfiguration;
			buildSettings = {
				ASSETCATALOG_COMPILER_APPICON_NAME = AppIcon;
				ASSETCATALOG_COMPILER_GLOBAL_ACCENT_COLOR_NAME = AccentColor;
				CODE_SIGN_STYLE = Automatic;
				DEVELOPMENT_TEAM = W5ELC54N2N;
				INFOPLIST_FILE = iPATools/Info.plist;
				LD_RUNPATH_SEARCH_PATHS = (
					"$(inherited)",
					"@executable_path/Frameworks",
				);
				PRODUCT_BUNDLE_IDENTIFIER = com.jumbo.iPATools;
				PRODUCT_NAME = "$(TARGET_NAME)";
				TARGETED_DEVICE_FAMILY = "1,2";
			};
			name = Debug;
		};
		DB585BE626467FCE008DE72A /* Release */ = {
			isa = XCBuildConfiguration;
			buildSettings = {
				ASSETCATALOG_COMPILER_APPICON_NAME = AppIcon;
				ASSETCATALOG_COMPILER_GLOBAL_ACCENT_COLOR_NAME = AccentColor;
				CODE_SIGN_STYLE = Automatic;
				DEVELOPMENT_TEAM = W5ELC54N2N;
				INFOPLIST_FILE = iPATools/Info.plist;
				LD_RUNPATH_SEARCH_PATHS = (
					"$(inherited)",
					"@executable_path/Frameworks",
				);
				PRODUCT_BUNDLE_IDENTIFIER = com.jumbo.iPATools;
				PRODUCT_NAME = "$(TARGET_NAME)";
				TARGETED_DEVICE_FAMILY = "1,2";
			};
			name = Release;
		};
/* End XCBuildConfiguration section */

/* Begin XCConfigurationList section */
		DB585BC626467FCC008DE72A /* Build configuration list for PBXProject "iPATools" */ = {
			isa = XCConfigurationList;
			buildConfigurations = (
				DB585BE226467FCE008DE72A /* Debug */,
				DB585BE326467FCE008DE72A /* Release */,
			);
			defaultConfigurationIsVisible = 0;
			defaultConfigurationName = Release;
		};
		DB585BE426467FCE008DE72A /* Build configuration list for PBXNativeTarget "iPATools" */ = {
			isa = XCConfigurationList;
			buildConfigurations = (
				DB585BE526467FCE008DE72A /* Debug */,
				DB585BE626467FCE008DE72A /* Release */,
			);
			defaultConfigurationIsVisible = 0;
			defaultConfigurationName = Release;
		};
/* End XCConfigurationList section */
	};
	rootObject = DB585BC326467FCC008DE72A /* Project object */;
}
