// !$*UTF8*$!
{
	archiveVersion = 1;
	classes = {
	};
	objectVersion = 50;
	objects = {

/* Begin PBXBuildFile section */
		DB585C08264684BA008DE72A /* main.m in Sources */ = {isa = PBXBuildFile; fileRef = DB585C06264684BA008DE72A /* main.m */; };
		DB585C09264684BA008DE72A /* AppDelegate.m in Sources */ = {isa = PBXBuildFile; fileRef = DB585C07264684BA008DE72A /* AppDelegate.m */; };
		DB585C1426468533008DE72A /* LaunchScreen.storyboard in Resources */ = {isa = PBXBuildFile; fileRef = DB585C0E26468533008DE72A /* LaunchScreen.storyboard */; };
		DB585C1C264685B8008DE72A /* ZBBaseViewController.m in Sources */ = {isa = PBXBuildFile; fileRef = DB585C1B264685B8008DE72A /* ZBBaseViewController.m */; };
		DB585C21264685D9008DE72A /* Images.xcassets in Resources */ = {isa = PBXBuildFile; fileRef = DB585C20264685D9008DE72A /* Images.xcassets */; };
		DB585C302646869F008DE72A /* ZBTabBarController.m in Sources */ = {isa = PBXBuildFile; fileRef = DB585C2F2646869F008DE72A /* ZBTabBarController.m */; };
		DBCAE94B26468A9D009E50CE /* ZBHomeViewController.m in Sources */ = {isa = PBXBuildFile; fileRef = DBCAE94A26468A9D009E50CE /* ZBHomeViewController.m */; };
		DBCAE95026468ACD009E50CE /* ZBCertViewController.m in Sources */ = {isa = PBXBuildFile; fileRef = DBCAE94F26468ACD009E50CE /* ZBCertViewController.m */; };
		DBCAE95626468AE5009E50CE /* ZBiPAViewController.m in Sources */ = {isa = PBXBuildFile; fileRef = DBCAE95526468AE5009E50CE /* ZBiPAViewController.m */; };
		DBCAE95A26468AF5009E50CE /* ZBProfileViewController.m in Sources */ = {isa = PBXBuildFile; fileRef = DBCAE95926468AF5009E50CE /* ZBProfileViewController.m */; };
		DBCAE95E26468B0C009E50CE /* ZBResignViewController.m in Sources */ = {isa = PBXBuildFile; fileRef = DBCAE95D26468B0C009E50CE /* ZBResignViewController.m */; };
		DBCAE96226468B30009E50CE /* ZBNavigationController.m in Sources */ = {isa = PBXBuildFile; fileRef = DBCAE96126468B30009E50CE /* ZBNavigationController.m */; };
		E455804AC59C4F0DD62E61AE /* Pods_iPATools.framework in Frameworks */ = {isa = PBXBuildFile; fileRef = F80E46F9F826C49A85F8B610 /* Pods_iPATools.framework */; };
/* End PBXBuildFile section */

/* Begin PBXFileReference section */
		8119D5482A84A823167995D7 /* Pods-iPATools.release.xcconfig */ = {isa = PBXFileReference; includeInIndex = 1; lastKnownFileType = text.xcconfig; name = "Pods-iPATools.release.xcconfig"; path = "Target Support Files/Pods-iPATools/Pods-iPATools.release.xcconfig"; sourceTree = "<group>"; };
		8D3E686A62F9886E8ECC9154 /* Pods-iPATools.debug.xcconfig */ = {isa = PBXFileReference; includeInIndex = 1; lastKnownFileType = text.xcconfig; name = "Pods-iPATools.debug.xcconfig"; path = "Target Support Files/Pods-iPATools/Pods-iPATools.debug.xcconfig"; sourceTree = "<group>"; };
		DB585BCB26467FCC008DE72A /* iPATools.app */ = {isa = PBXFileReference; explicitFileType = wrapper.application; includeInIndex = 0; path = iPATools.app; sourceTree = BUILT_PRODUCTS_DIR; };
		DB585BDF26467FCE008DE72A /* Info.plist */ = {isa = PBXFileReference; lastKnownFileType = text.plist.xml; path = Info.plist; sourceTree = "<group>"; };
		DB585C05264684BA008DE72A /* AppDelegate.h */ = {isa = PBXFileReference; fileEncoding = 4; lastKnownFileType = sourcecode.c.h; path = AppDelegate.h; sourceTree = "<group>"; };
		DB585C06264684BA008DE72A /* main.m */ = {isa = PBXFileReference; fileEncoding = 4; lastKnownFileType = sourcecode.c.objc; path = main.m; sourceTree = "<group>"; };
		DB585C07264684BA008DE72A /* AppDelegate.m */ = {isa = PBXFileReference; fileEncoding = 4; lastKnownFileType = sourcecode.c.objc; path = AppDelegate.m; sourceTree = "<group>"; };
		DB585C0F26468533008DE72A /* Base */ = {isa = PBXFileReference; lastKnownFileType = file.storyboard; name = Base; path = Base.lproj/LaunchScreen.storyboard; sourceTree = "<group>"; };
		DB585C1A264685B8008DE72A /* ZBBaseViewController.h */ = {isa = PBXFileReference; lastKnownFileType = sourcecode.c.h; path = ZBBaseViewController.h; sourceTree = "<group>"; };
		DB585C1B264685B8008DE72A /* ZBBaseViewController.m */ = {isa = PBXFileReference; lastKnownFileType = sourcecode.c.objc; path = ZBBaseViewController.m; sourceTree = "<group>"; };
		DB585C20264685D9008DE72A /* Images.xcassets */ = {isa = PBXFileReference; lastKnownFileType = folder.assetcatalog; path = Images.xcassets; sourceTree = "<group>"; };
		DB585C2E2646869F008DE72A /* ZBTabBarController.h */ = {isa = PBXFileReference; lastKnownFileType = sourcecode.c.h; path = ZBTabBarController.h; sourceTree = "<group>"; };
		DB585C2F2646869F008DE72A /* ZBTabBarController.m */ = {isa = PBXFileReference; lastKnownFileType = sourcecode.c.objc; path = ZBTabBarController.m; sourceTree = "<group>"; };
		DBCAE94926468A9D009E50CE /* ZBHomeViewController.h */ = {isa = PBXFileReference; lastKnownFileType = sourcecode.c.h; path = ZBHomeViewController.h; sourceTree = "<group>"; };
		DBCAE94A26468A9D009E50CE /* ZBHomeViewController.m */ = {isa = PBXFileReference; lastKnownFileType = sourcecode.c.objc; path = ZBHomeViewController.m; sourceTree = "<group>"; };
		DBCAE94E26468ACD009E50CE /* ZBCertViewController.h */ = {isa = PBXFileReference; lastKnownFileType = sourcecode.c.h; path = ZBCertViewController.h; sourceTree = "<group>"; };
		DBCAE94F26468ACD009E50CE /* ZBCertViewController.m */ = {isa = PBXFileReference; lastKnownFileType = sourcecode.c.objc; path = ZBCertViewController.m; sourceTree = "<group>"; };
		DBCAE95426468AE5009E50CE /* ZBiPAViewController.h */ = {isa = PBXFileReference; lastKnownFileType = sourcecode.c.h; path = ZBiPAViewController.h; sourceTree = "<group>"; };
		DBCAE95526468AE5009E50CE /* ZBiPAViewController.m */ = {isa = PBXFileReference; lastKnownFileType = sourcecode.c.objc; path = ZBiPAViewController.m; sourceTree = "<group>"; };
		DBCAE95826468AF5009E50CE /* ZBProfileViewController.h */ = {isa = PBXFileReference; lastKnownFileType = sourcecode.c.h; path = ZBProfileViewController.h; sourceTree = "<group>"; };
		DBCAE95926468AF5009E50CE /* ZBProfileViewController.m */ = {isa = PBXFileReference; lastKnownFileType = sourcecode.c.objc; path = ZBProfileViewController.m; sourceTree = "<group>"; };
		DBCAE95C26468B0C009E50CE /* ZBResignViewController.h */ = {isa = PBXFileReference; lastKnownFileType = sourcecode.c.h; path = ZBResignViewController.h; sourceTree = "<group>"; };
		DBCAE95D26468B0C009E50CE /* ZBResignViewController.m */ = {isa = PBXFileReference; lastKnownFileType = sourcecode.c.objc; path = ZBResignViewController.m; sourceTree = "<group>"; };
		DBCAE96026468B30009E50CE /* ZBNavigationController.h */ = {isa = PBXFileReference; lastKnownFileType = sourcecode.c.h; path = ZBNavigationController.h; sourceTree = "<group>"; };
		DBCAE96126468B30009E50CE /* ZBNavigationController.m */ = {isa = PBXFileReference; lastKnownFileType = sourcecode.c.objc; path = ZBNavigationController.m; sourceTree = "<group>"; };
		F80E46F9F826C49A85F8B610 /* Pods_iPATools.framework */ = {isa = PBXFileReference; explicitFileType = wrapper.framework; includeInIndex = 0; path = Pods_iPATools.framework; sourceTree = BUILT_PRODUCTS_DIR; };
/* End PBXFileReference section */

/* Begin PBXFrameworksBuildPhase section */
		DB585BC826467FCC008DE72A /* Frameworks */ = {
			isa = PBXFrameworksBuildPhase;
			buildActionMask = 2147483647;
			files = (
				E455804AC59C4F0DD62E61AE /* Pods_iPATools.framework in Frameworks */,
			);
			runOnlyForDeploymentPostprocessing = 0;
		};
/* End PBXFrameworksBuildPhase section */

/* Begin PBXGroup section */
		26BCEF87734257250F7D0647 /* Frameworks */ = {
			isa = PBXGroup;
			children = (
				F80E46F9F826C49A85F8B610 /* Pods_iPATools.framework */,
			);
			name = Frameworks;
			sourceTree = "<group>";
		};
		BC3F82496311ECF0F0FE1D29 /* Pods */ = {
			isa = PBXGroup;
			children = (
				8D3E686A62F9886E8ECC9154 /* Pods-iPATools.debug.xcconfig */,
				8119D5482A84A823167995D7 /* Pods-iPATools.release.xcconfig */,
			);
			path = Pods;
			sourceTree = "<group>";
		};
		DB585BC226467FCC008DE72A = {
			isa = PBXGroup;
			children = (
				DB585BCD26467FCC008DE72A /* iPATools */,
				DB585BCC26467FCC008DE72A /* Products */,
				BC3F82496311ECF0F0FE1D29 /* Pods */,
				26BCEF87734257250F7D0647 /* Frameworks */,
			);
			sourceTree = "<group>";
		};
		DB585BCC26467FCC008DE72A /* Products */ = {
			isa = PBXGroup;
			children = (
				DB585BCB26467FCC008DE72A /* iPATools.app */,
			);
			name = Products;
			sourceTree = "<group>";
		};
		DB585BCD26467FCC008DE72A /* iPATools */ = {
			isa = PBXGroup;
			children = (
				DB585C1026468533008DE72A /* Base */,
				DBCAE9292646886D009E50CE /* Modulars */,
				DB585C0C26468533008DE72A /* Resources */,
				DB585C04264684BA008DE72A /* proj */,
				DB585BDF26467FCE008DE72A /* Info.plist */,
			);
			path = iPATools;
			sourceTree = "<group>";
		};
		DB585C04264684BA008DE72A /* proj */ = {
			isa = PBXGroup;
			children = (
				DB585C06264684BA008DE72A /* main.m */,
				DB585C05264684BA008DE72A /* AppDelegate.h */,
				DB585C07264684BA008DE72A /* AppDelegate.m */,
			);
			path = proj;
			sourceTree = "<group>";
		};
		DB585C0C26468533008DE72A /* Resources */ = {
			isa = PBXGroup;
			children = (
				DB585C20264685D9008DE72A /* Images.xcassets */,
				DB585C0E26468533008DE72A /* LaunchScreen.storyboard */,
			);
			path = Resources;
			sourceTree = "<group>";
		};
		DB585C1026468533008DE72A /* Base */ = {
			isa = PBXGroup;
			children = (
				DB585C1126468533008DE72A /* ViewControllers */,
				DB585C1226468533008DE72A /* Views */,
			);
			path = Base;
			sourceTree = "<group>";
		};
		DB585C1126468533008DE72A /* ViewControllers */ = {
			isa = PBXGroup;
			children = (
				DB585C2E2646869F008DE72A /* ZBTabBarController.h */,
				DB585C2F2646869F008DE72A /* ZBTabBarController.m */,
				DB585C1A264685B8008DE72A /* ZBBaseViewController.h */,
				DB585C1B264685B8008DE72A /* ZBBaseViewController.m */,
				DBCAE96026468B30009E50CE /* ZBNavigationController.h */,
				DBCAE96126468B30009E50CE /* ZBNavigationController.m */,
			);
			path = ViewControllers;
			sourceTree = "<group>";
		};
		DB585C1226468533008DE72A /* Views */ = {
			isa = PBXGroup;
			children = (
			);
			path = Views;
			sourceTree = "<group>";
		};
		DBCAE9292646886D009E50CE /* Modulars */ = {
			isa = PBXGroup;
			children = (
				DBCAE93F26468A7A009E50CE /* Home */,
				DBCAE93026468A7A009E50CE /* Cert */,
				DBCAE93526468A7A009E50CE /* iPA */,
				DBCAE93A26468A7A009E50CE /* Profile */,
				DBCAE94426468A7A009E50CE /* Resign */,
			);
			path = Modulars;
			sourceTree = "<group>";
		};
		DBCAE93026468A7A009E50CE /* Cert */ = {
			isa = PBXGroup;
			children = (
				DBCAE94E26468ACD009E50CE /* ZBCertViewController.h */,
				DBCAE94F26468ACD009E50CE /* ZBCertViewController.m */,
				DBCAE93326468A7A009E50CE /* ViewControllers */,
				DBCAE93126468A7A009E50CE /* ViewModels */,
				DBCAE93226468A7A009E50CE /* Models */,
				DBCAE93426468A7A009E50CE /* Views */,
			);
			path = Cert;
			sourceTree = "<group>";
		};
		DBCAE93126468A7A009E50CE /* ViewModels */ = {
			isa = PBXGroup;
			children = (
			);
			path = ViewModels;
			sourceTree = "<group>";
		};
		DBCAE93226468A7A009E50CE /* Models */ = {
			isa = PBXGroup;
			children = (
			);
			path = Models;
			sourceTree = "<group>";
		};
		DBCAE93326468A7A009E50CE /* ViewControllers */ = {
			isa = PBXGroup;
			children = (
			);
			path = ViewControllers;
			sourceTree = "<group>";
		};
		DBCAE93426468A7A009E50CE /* Views */ = {
			isa = PBXGroup;
			children = (
			);
			path = Views;
			sourceTree = "<group>";
		};
		DBCAE93526468A7A009E50CE /* iPA */ = {
			isa = PBXGroup;
			children = (
				DBCAE95426468AE5009E50CE /* ZBiPAViewController.h */,
				DBCAE95526468AE5009E50CE /* ZBiPAViewController.m */,
				DBCAE93826468A7A009E50CE /* ViewControllers */,
				DBCAE93626468A7A009E50CE /* ViewModels */,
				DBCAE93726468A7A009E50CE /* Models */,
				DBCAE93926468A7A009E50CE /* Views */,
			);
			path = iPA;
			sourceTree = "<group>";
		};
		DBCAE93626468A7A009E50CE /* ViewModels */ = {
			isa = PBXGroup;
			children = (
			);
			path = ViewModels;
			sourceTree = "<group>";
		};
		DBCAE93726468A7A009E50CE /* Models */ = {
			isa = PBXGroup;
			children = (
			);
			path = Models;
			sourceTree = "<group>";
		};
		DBCAE93826468A7A009E50CE /* ViewControllers */ = {
			isa = PBXGroup;
			children = (
			);
			path = ViewControllers;
			sourceTree = "<group>";
		};
		DBCAE93926468A7A009E50CE /* Views */ = {
			isa = PBXGroup;
			children = (
			);
			path = Views;
			sourceTree = "<group>";
		};
		DBCAE93A26468A7A009E50CE /* Profile */ = {
			isa = PBXGroup;
			children = (
				DBCAE95826468AF5009E50CE /* ZBProfileViewController.h */,
				DBCAE95926468AF5009E50CE /* ZBProfileViewController.m */,
				DBCAE93D26468A7A009E50CE /* ViewControllers */,
				DBCAE93B26468A7A009E50CE /* ViewModels */,
				DBCAE93C26468A7A009E50CE /* Models */,
				DBCAE93E26468A7A009E50CE /* Views */,
			);
			path = Profile;
			sourceTree = "<group>";
		};
		DBCAE93B26468A7A009E50CE /* ViewModels */ = {
			isa = PBXGroup;
			children = (
			);
			path = ViewModels;
			sourceTree = "<group>";
		};
		DBCAE93C26468A7A009E50CE /* Models */ = {
			isa = PBXGroup;
			children = (
			);
			path = Models;
			sourceTree = "<group>";
		};
		DBCAE93D26468A7A009E50CE /* ViewControllers */ = {
			isa = PBXGroup;
			children = (
			);
			path = ViewControllers;
			sourceTree = "<group>";
		};
		DBCAE93E26468A7A009E50CE /* Views */ = {
			isa = PBXGroup;
			children = (
			);
			path = Views;
			sourceTree = "<group>";
		};
		DBCAE93F26468A7A009E50CE /* Home */ = {
			isa = PBXGroup;
			children = (
				DBCAE94926468A9D009E50CE /* ZBHomeViewController.h */,
				DBCAE94A26468A9D009E50CE /* ZBHomeViewController.m */,
				DBCAE94226468A7A009E50CE /* ViewControllers */,
				DBCAE94026468A7A009E50CE /* ViewModels */,
				DBCAE94126468A7A009E50CE /* Models */,
				DBCAE94326468A7A009E50CE /* Views */,
			);
			path = Home;
			sourceTree = "<group>";
		};
		DBCAE94026468A7A009E50CE /* ViewModels */ = {
			isa = PBXGroup;
			children = (
			);
			path = ViewModels;
			sourceTree = "<group>";
		};
		DBCAE94126468A7A009E50CE /* Models */ = {
			isa = PBXGroup;
			children = (
			);
			path = Models;
			sourceTree = "<group>";
		};
		DBCAE94226468A7A009E50CE /* ViewControllers */ = {
			isa = PBXGroup;
			children = (
			);
			path = ViewControllers;
			sourceTree = "<group>";
		};
		DBCAE94326468A7A009E50CE /* Views */ = {
			isa = PBXGroup;
			children = (
			);
			path = Views;
			sourceTree = "<group>";
		};
		DBCAE94426468A7A009E50CE /* Resign */ = {
			isa = PBXGroup;
			children = (
				DBCAE95C26468B0C009E50CE /* ZBResignViewController.h */,
				DBCAE95D26468B0C009E50CE /* ZBResignViewController.m */,
				DBCAE94726468A7A009E50CE /* ViewControllers */,
				DBCAE94526468A7A009E50CE /* ViewModels */,
				DBCAE94626468A7A009E50CE /* Models */,
				DBCAE94826468A7A009E50CE /* Views */,
			);
			path = Resign;
			sourceTree = "<group>";
		};
		DBCAE94526468A7A009E50CE /* ViewModels */ = {
			isa = PBXGroup;
			children = (
			);
			path = ViewModels;
			sourceTree = "<group>";
		};
		DBCAE94626468A7A009E50CE /* Models */ = {
			isa = PBXGroup;
			children = (
			);
			path = Models;
			sourceTree = "<group>";
		};
		DBCAE94726468A7A009E50CE /* ViewControllers */ = {
			isa = PBXGroup;
			children = (
			);
			path = ViewControllers;
			sourceTree = "<group>";
		};
		DBCAE94826468A7A009E50CE /* Views */ = {
			isa = PBXGroup;
			children = (
			);
			path = Views;
			sourceTree = "<group>";
		};
/* End PBXGroup section */

/* Begin PBXNativeTarget section */
		DB585BCA26467FCC008DE72A /* iPATools */ = {
			isa = PBXNativeTarget;
			buildConfigurationList = DB585BE426467FCE008DE72A /* Build configuration list for PBXNativeTarget "iPATools" */;
			buildPhases = (
				26846F4C90978D838D8CE4BF /* [CP] Check Pods Manifest.lock */,
				DB585BC726467FCC008DE72A /* Sources */,
				DB585BC826467FCC008DE72A /* Frameworks */,
				DB585BC926467FCC008DE72A /* Resources */,
			);
			buildRules = (
			);
			dependencies = (
			);
			name = iPATools;
			productName = iPATools;
			productReference = DB585BCB26467FCC008DE72A /* iPATools.app */;
			productType = "com.apple.product-type.application";
		};
/* End PBXNativeTarget section */

/* Begin PBXProject section */
		DB585BC326467FCC008DE72A /* Project object */ = {
			isa = PBXProject;
			attributes = {
				CLASSPREFIX = ZB;
				LastUpgradeCheck = 1240;
				ORGANIZATIONNAME = "@itzhangbao.com";
				TargetAttributes = {
					DB585BCA26467FCC008DE72A = {
						CreatedOnToolsVersion = 12.4;
					};
				};
			};
			buildConfigurationList = DB585BC626467FCC008DE72A /* Build configuration list for PBXProject "iPATools" */;
			compatibilityVersion = "Xcode 9.3";
			developmentRegion = en;
			hasScannedForEncodings = 0;
			knownRegions = (
				en,
				Base,
			);
			mainGroup = DB585BC226467FCC008DE72A;
			productRefGroup = DB585BCC26467FCC008DE72A /* Products */;
			projectDirPath = "";
			projectRoot = "";
			targets = (
				DB585BCA26467FCC008DE72A /* iPATools */,
			);
		};
/* End PBXProject section */

/* Begin PBXResourcesBuildPhase section */
		DB585BC926467FCC008DE72A /* Resources */ = {
			isa = PBXResourcesBuildPhase;
			buildActionMask = 2147483647;
			files = (
				DB585C1426468533008DE72A /* LaunchScreen.storyboard in Resources */,
				DB585C21264685D9008DE72A /* Images.xcassets in Resources */,
			);
			runOnlyForDeploymentPostprocessing = 0;
		};
/* End PBXResourcesBuildPhase section */

/* Begin PBXShellScriptBuildPhase section */
		26846F4C90978D838D8CE4BF /* [CP] Check Pods Manifest.lock */ = {
			isa = PBXShellScriptBuildPhase;
			buildActionMask = 2147483647;
			files = (
			);
			inputFileListPaths = (
			);
			inputPaths = (
				"${PODS_PODFILE_DIR_PATH}/Podfile.lock",
				"${PODS_ROOT}/Manifest.lock",
			);
			name = "[CP] Check Pods Manifest.lock";
			outputFileListPaths = (
			);
			outputPaths = (
				"$(DERIVED_FILE_DIR)/Pods-iPATools-checkManifestLockResult.txt",
			);
			runOnlyForDeploymentPostprocessing = 0;
			shellPath = /bin/sh;
			shellScript = "diff \"${PODS_PODFILE_DIR_PATH}/Podfile.lock\" \"${PODS_ROOT}/Manifest.lock\" > /dev/null\nif [ $? != 0 ] ; then\n    # print error to STDERR\n    echo \"error: The sandbox is not in sync with the Podfile.lock. Run 'pod install' or update your CocoaPods installation.\" >&2\n    exit 1\nfi\n# This output is used by Xcode 'outputs' to avoid re-running this script phase.\necho \"SUCCESS\" > \"${SCRIPT_OUTPUT_FILE_0}\"\n";
			showEnvVarsInLog = 0;
		};
/* End PBXShellScriptBuildPhase section */

/* Begin PBXSourcesBuildPhase section */
		DB585BC726467FCC008DE72A /* Sources */ = {
			isa = PBXSourcesBuildPhase;
			buildActionMask = 2147483647;
			files = (
				DBCAE95A26468AF5009E50CE /* ZBProfileViewController.m in Sources */,
				DBCAE95026468ACD009E50CE /* ZBCertViewController.m in Sources */,
				DB585C09264684BA008DE72A /* AppDelegate.m in Sources */,
				DBCAE95626468AE5009E50CE /* ZBiPAViewController.m in Sources */,
				DBCAE95E26468B0C009E50CE /* ZBResignViewController.m in Sources */,
				DBCAE96226468B30009E50CE /* ZBNavigationController.m in Sources */,
				DB585C1C264685B8008DE72A /* ZBBaseViewController.m in Sources */,
				DB585C08264684BA008DE72A /* main.m in Sources */,
				DBCAE94B26468A9D009E50CE /* ZBHomeViewController.m in Sources */,
				DB585C302646869F008DE72A /* ZBTabBarController.m in Sources */,
			);
			runOnlyForDeploymentPostprocessing = 0;
		};
/* End PBXSourcesBuildPhase section */

/* Begin PBXVariantGroup section */
		DB585C0E26468533008DE72A /* LaunchScreen.storyboard */ = {
			isa = PBXVariantGroup;
			children = (
				DB585C0F26468533008DE72A /* Base */,
			);
			name = LaunchScreen.storyboard;
			sourceTree = "<group>";
		};
/* End PBXVariantGroup section */

/* Begin XCBuildConfiguration section */
		DB585BE226467FCE008DE72A /* Debug */ = {
			isa = XCBuildConfiguration;
			buildSettings = {
				ALWAYS_SEARCH_USER_PATHS = NO;
				CLANG_ANALYZER_NONNULL = YES;
				CLANG_ANALYZER_NUMBER_OBJECT_CONVERSION = YES_AGGRESSIVE;
				CLANG_CXX_LANGUAGE_STANDARD = "gnu++14";
				CLANG_CXX_LIBRARY = "libc++";
				CLANG_ENABLE_MODULES = YES;
				CLANG_ENABLE_OBJC_ARC = YES;
				CLANG_ENABLE_OBJC_WEAK = YES;
				CLANG_WARN_BLOCK_CAPTURE_AUTORELEASING = YES;
				CLANG_WARN_BOOL_CONVERSION = YES;
				CLANG_WARN_COMMA = YES;
				CLANG_WARN_CONSTANT_CONVERSION = YES;
				CLANG_WARN_DEPRECATED_OBJC_IMPLEMENTATIONS = YES;
				CLANG_WARN_DIRECT_OBJC_ISA_USAGE = YES_ERROR;
				CLANG_WARN_DOCUMENTATION_COMMENTS = YES;
				CLANG_WARN_EMPTY_BODY = YES;
				CLANG_WARN_ENUM_CONVERSION = YES;
				CLANG_WARN_INFINITE_RECURSION = YES;
				CLANG_WARN_INT_CONVERSION = YES;
				CLANG_WARN_NON_LITERAL_NULL_CONVERSION = YES;
				CLANG_WARN_OBJC_IMPLICIT_RETAIN_SELF = YES;
				CLANG_WARN_OBJC_LITERAL_CONVERSION = YES;
				CLANG_WARN_OBJC_ROOT_CLASS = YES_ERROR;
				CLANG_WARN_QUOTED_INCLUDE_IN_FRAMEWORK_HEADER = YES;
				CLANG_WARN_RANGE_LOOP_ANALYSIS = YES;
				CLANG_WARN_STRICT_PROTOTYPES = YES;
				CLANG_WARN_SUSPICIOUS_MOVE = YES;
				CLANG_WARN_UNGUARDED_AVAILABILITY = YES_AGGRESSIVE;
				CLANG_WARN_UNREACHABLE_CODE = YES;
				CLANG_WARN__DUPLICATE_METHOD_MATCH = YES;
				COPY_PHASE_STRIP = NO;
				DEBUG_INFORMATION_FORMAT = dwarf;
				ENABLE_STRICT_OBJC_MSGSEND = YES;
				ENABLE_TESTABILITY = YES;
				GCC_C_LANGUAGE_STANDARD = gnu11;
				GCC_DYNAMIC_NO_PIC = NO;
				GCC_NO_COMMON_BLOCKS = YES;
				GCC_OPTIMIZATION_LEVEL = 0;
				GCC_PREPROCESSOR_DEFINITIONS = (
					"DEBUG=1",
					"$(inherited)",
				);
				GCC_WARN_64_TO_32_BIT_CONVERSION = YES;
				GCC_WARN_ABOUT_RETURN_TYPE = YES_ERROR;
				GCC_WARN_UNDECLARED_SELECTOR = YES;
				GCC_WARN_UNINITIALIZED_AUTOS = YES_AGGRESSIVE;
				GCC_WARN_UNUSED_FUNCTION = YES;
				GCC_WARN_UNUSED_VARIABLE = YES;
				IPHONEOS_DEPLOYMENT_TARGET = 14.4;
				MTL_ENABLE_DEBUG_INFO = INCLUDE_SOURCE;
				MTL_FAST_MATH = YES;
				ONLY_ACTIVE_ARCH = YES;
				SDKROOT = iphoneos;
			};
			name = Debug;
		};
		DB585BE326467FCE008DE72A /* Release */ = {
			isa = XCBuildConfiguration;
			buildSettings = {
				ALWAYS_SEARCH_USER_PATHS = NO;
				CLANG_ANALYZER_NONNULL = YES;
				CLANG_ANALYZER_NUMBER_OBJECT_CONVERSION = YES_AGGRESSIVE;
				CLANG_CXX_LANGUAGE_STANDARD = "gnu++14";
				CLANG_CXX_LIBRARY = "libc++";
				CLANG_ENABLE_MODULES = YES;
				CLANG_ENABLE_OBJC_ARC = YES;
				CLANG_ENABLE_OBJC_WEAK = YES;
				CLANG_WARN_BLOCK_CAPTURE_AUTORELEASING = YES;
				CLANG_WARN_BOOL_CONVERSION = YES;
				CLANG_WARN_COMMA = YES;
				CLANG_WARN_CONSTANT_CONVERSION = YES;
				CLANG_WARN_DEPRECATED_OBJC_IMPLEMENTATIONS = YES;
				CLANG_WARN_DIRECT_OBJC_ISA_USAGE = YES_ERROR;
				CLANG_WARN_DOCUMENTATION_COMMENTS = YES;
				CLANG_WARN_EMPTY_BODY = YES;
				CLANG_WARN_ENUM_CONVERSION = YES;
				CLANG_WARN_INFINITE_RECURSION = YES;
				CLANG_WARN_INT_CONVERSION = YES;
				CLANG_WARN_NON_LITERAL_NULL_CONVERSION = YES;
				CLANG_WARN_OBJC_IMPLICIT_RETAIN_SELF = YES;
				CLANG_WARN_OBJC_LITERAL_CONVERSION = YES;
				CLANG_WARN_OBJC_ROOT_CLASS = YES_ERROR;
				CLANG_WARN_QUOTED_INCLUDE_IN_FRAMEWORK_HEADER = YES;
				CLANG_WARN_RANGE_LOOP_ANALYSIS = YES;
				CLANG_WARN_STRICT_PROTOTYPES = YES;
				CLANG_WARN_SUSPICIOUS_MOVE = YES;
				CLANG_WARN_UNGUARDED_AVAILABILITY = YES_AGGRESSIVE;
				CLANG_WARN_UNREACHABLE_CODE = YES;
				CLANG_WARN__DUPLICATE_METHOD_MATCH = YES;
				COPY_PHASE_STRIP = NO;
				DEBUG_INFORMATION_FORMAT = "dwarf-with-dsym";
				ENABLE_NS_ASSERTIONS = NO;
				ENABLE_STRICT_OBJC_MSGSEND = YES;
				GCC_C_LANGUAGE_STANDARD = gnu11;
				GCC_NO_COMMON_BLOCKS = YES;
				GCC_WARN_64_TO_32_BIT_CONVERSION = YES;
				GCC_WARN_ABOUT_RETURN_TYPE = YES_ERROR;
				GCC_WARN_UNDECLARED_SELECTOR = YES;
				GCC_WARN_UNINITIALIZED_AUTOS = YES_AGGRESSIVE;
				GCC_WARN_UNUSED_FUNCTION = YES;
				GCC_WARN_UNUSED_VARIABLE = YES;
				IPHONEOS_DEPLOYMENT_TARGET = 14.4;
				MTL_ENABLE_DEBUG_INFO = NO;
				MTL_FAST_MATH = YES;
				SDKROOT = iphoneos;
				VALIDATE_PRODUCT = YES;
			};
			name = Release;
		};
		DB585BE526467FCE008DE72A /* Debug */ = {
			isa = XCBuildConfiguration;
			baseConfigurationReference = 8D3E686A62F9886E8ECC9154 /* Pods-iPATools.debug.xcconfig */;
			buildSettings = {
				ASSETCATALOG_COMPILER_APPICON_NAME = AppIcon;
				ASSETCATALOG_COMPILER_GLOBAL_ACCENT_COLOR_NAME = AccentColor;
				CODE_SIGN_STYLE = Automatic;
				DEVELOPMENT_TEAM = W5ELC54N2N;
				INFOPLIST_FILE = iPATools/Info.plist;
				IPHONEOS_DEPLOYMENT_TARGET = 9.0;
				LD_RUNPATH_SEARCH_PATHS = (
					"$(inherited)",
					"@executable_path/Frameworks",
				);
				MARKETING_VERSION = 1.0.0;
				PRODUCT_BUNDLE_IDENTIFIER = com.jumbo.iaptools;
				PRODUCT_NAME = "$(TARGET_NAME)";
				TARGETED_DEVICE_FAMILY = "1,2";
			};
			name = Debug;
		};
		DB585BE626467FCE008DE72A /* Release */ = {
			isa = XCBuildConfiguration;
			baseConfigurationReference = 8119D5482A84A823167995D7 /* Pods-iPATools.release.xcconfig */;
			buildSettings = {
				ASSETCATALOG_COMPILER_APPICON_NAME = AppIcon;
				ASSETCATALOG_COMPILER_GLOBAL_ACCENT_COLOR_NAME = AccentColor;
				CODE_SIGN_STYLE = Automatic;
				DEVELOPMENT_TEAM = W5ELC54N2N;
				INFOPLIST_FILE = iPATools/Info.plist;
				IPHONEOS_DEPLOYMENT_TARGET = 9.0;
				LD_RUNPATH_SEARCH_PATHS = (
					"$(inherited)",
					"@executable_path/Frameworks",
				);
				MARKETING_VERSION = 1.0.0;
				PRODUCT_BUNDLE_IDENTIFIER = com.jumbo.iaptools;
				PRODUCT_NAME = "$(TARGET_NAME)";
				TARGETED_DEVICE_FAMILY = "1,2";
			};
			name = Release;
		};
/* End XCBuildConfiguration section */

/* Begin XCConfigurationList section */
		DB585BC626467FCC008DE72A /* Build configuration list for PBXProject "iPATools" */ = {
			isa = XCConfigurationList;
			buildConfigurations = (
				DB585BE226467FCE008DE72A /* Debug */,
				DB585BE326467FCE008DE72A /* Release */,
			);
			defaultConfigurationIsVisible = 0;
			defaultConfigurationName = Release;
		};
		DB585BE426467FCE008DE72A /* Build configuration list for PBXNativeTarget "iPATools" */ = {
			isa = XCConfigurationList;
			buildConfigurations = (
				DB585BE526467FCE008DE72A /* Debug */,
				DB585BE626467FCE008DE72A /* Release */,
			);
			defaultConfigurationIsVisible = 0;
			defaultConfigurationName = Release;
		};
/* End XCConfigurationList section */
	};
	rootObject = DB585BC326467FCC008DE72A /* Project object */;
}
