// !$*UTF8*$!
{
	archiveVersion = 1;
	classes = {
	};
	objectVersion = 51;
	objects = {

/* Begin PBXBuildFile section */
		DB294D2426490F840066F4C2 /* ZBTableViewCell.m in Sources */ = {isa = PBXBuildFile; fileRef = DB294D2326490F840066F4C2 /* ZBTableViewCell.m */; };
		DB294D2A26491F970066F4C2 /* ZBiPAModel.m in Sources */ = {isa = PBXBuildFile; fileRef = DB294D2926491F970066F4C2 /* ZBiPAModel.m */; };
		DB294D2F264924F60066F4C2 /* ZBHomeTableViewCell.m in Sources */ = {isa = PBXBuildFile; fileRef = DB294D2D264924F60066F4C2 /* ZBHomeTableViewCell.m */; };
		DB294D30264924F60066F4C2 /* ZBHomeTableViewCell.xib in Resources */ = {isa = PBXBuildFile; fileRef = DB294D2E264924F60066F4C2 /* ZBHomeTableViewCell.xib */; };
		DB294D4026493E9E0066F4C2 /* UIColor+ZBKit.m in Sources */ = {isa = PBXBuildFile; fileRef = DB294D3F26493E9E0066F4C2 /* UIColor+ZBKit.m */; };
		DB294DB6264A59FA0066F4C2 /* ipas.json in Resources */ = {isa = PBXBuildFile; fileRef = DB294DB5264A59FA0066F4C2 /* ipas.json */; };
		DB585C08264684BA008DE72A /* main.m in Sources */ = {isa = PBXBuildFile; fileRef = DB585C06264684BA008DE72A /* main.m */; };
		DB585C09264684BA008DE72A /* AppDelegate.m in Sources */ = {isa = PBXBuildFile; fileRef = DB585C07264684BA008DE72A /* AppDelegate.m */; };
		DB585C1426468533008DE72A /* LaunchScreen.storyboard in Resources */ = {isa = PBXBuildFile; fileRef = DB585C0E26468533008DE72A /* LaunchScreen.storyboard */; };
		DB585C1C264685B8008DE72A /* ZBBaseViewController.m in Sources */ = {isa = PBXBuildFile; fileRef = DB585C1B264685B8008DE72A /* ZBBaseViewController.m */; };
		DB585C21264685D9008DE72A /* Images.xcassets in Resources */ = {isa = PBXBuildFile; fileRef = DB585C20264685D9008DE72A /* Images.xcassets */; };
		DB585C302646869F008DE72A /* ZBTabBarController.m in Sources */ = {isa = PBXBuildFile; fileRef = DB585C2F2646869F008DE72A /* ZBTabBarController.m */; };
		DB67BDD7264E846300A911F4 /* YCDownloadManager.m in Sources */ = {isa = PBXBuildFile; fileRef = DB67BDC9264E846300A911F4 /* YCDownloadManager.m */; };
		DB67BDD8264E846300A911F4 /* YCDownloader.m in Sources */ = {isa = PBXBuildFile; fileRef = DB67BDCF264E846300A911F4 /* YCDownloader.m */; };
		DB67BDD9264E846300A911F4 /* YCDownloadUtils.m in Sources */ = {isa = PBXBuildFile; fileRef = DB67BDD1264E846300A911F4 /* YCDownloadUtils.m */; };
		DB67BDDA264E846300A911F4 /* YCDownloadDB.m in Sources */ = {isa = PBXBuildFile; fileRef = DB67BDD3264E846300A911F4 /* YCDownloadDB.m */; };
		DB67BDDB264E846300A911F4 /* YCDownloadTask.m in Sources */ = {isa = PBXBuildFile; fileRef = DB67BDD4264E846300A911F4 /* YCDownloadTask.m */; };
		DB67BDDC264E846300A911F4 /* YCDownloadItem.m in Sources */ = {isa = PBXBuildFile; fileRef = DB67BDD6264E846300A911F4 /* YCDownloadItem.m */; };
		DB67BDE0264FB8D300A911F4 /* ZBiPATableViewCell.m in Sources */ = {isa = PBXBuildFile; fileRef = DB67BDDE264FB8D300A911F4 /* ZBiPATableViewCell.m */; };
		DB67BDE1264FB8D300A911F4 /* ZBiPATableViewCell.xib in Resources */ = {isa = PBXBuildFile; fileRef = DB67BDDF264FB8D300A911F4 /* ZBiPATableViewCell.xib */; };
		DB67BE51265259C500A911F4 /* HTTPErrorResponse.m in Sources */ = {isa = PBXBuildFile; fileRef = DB67BE1D265259C500A911F4 /* HTTPErrorResponse.m */; };
		DB67BE52265259C500A911F4 /* HTTPDataResponse.m in Sources */ = {isa = PBXBuildFile; fileRef = DB67BE1E265259C500A911F4 /* HTTPDataResponse.m */; };
		DB67BE53265259C500A911F4 /* HTTPDynamicFileResponse.m in Sources */ = {isa = PBXBuildFile; fileRef = DB67BE20265259C500A911F4 /* HTTPDynamicFileResponse.m */; };
		DB67BE54265259C500A911F4 /* HTTPFileResponse.m in Sources */ = {isa = PBXBuildFile; fileRef = DB67BE21265259C500A911F4 /* HTTPFileResponse.m */; };
		DB67BE55265259C500A911F4 /* HTTPAsyncFileResponse.m in Sources */ = {isa = PBXBuildFile; fileRef = DB67BE22265259C500A911F4 /* HTTPAsyncFileResponse.m */; };
		DB67BE56265259C500A911F4 /* HTTPRedirectResponse.m in Sources */ = {isa = PBXBuildFile; fileRef = DB67BE23265259C500A911F4 /* HTTPRedirectResponse.m */; };
		DB67BE57265259C500A911F4 /* DDTTYLogger.m in Sources */ = {isa = PBXBuildFile; fileRef = DB67BE29265259C500A911F4 /* DDTTYLogger.m */; };
		DB67BE58265259C500A911F4 /* DDASLLogger.m in Sources */ = {isa = PBXBuildFile; fileRef = DB67BE2C265259C500A911F4 /* DDASLLogger.m */; };
		DB67BE59265259C500A911F4 /* ContextFilterLogFormatter.m in Sources */ = {isa = PBXBuildFile; fileRef = DB67BE31265259C500A911F4 /* ContextFilterLogFormatter.m */; };
		DB67BE5A265259C500A911F4 /* DispatchQueueLogFormatter.m in Sources */ = {isa = PBXBuildFile; fileRef = DB67BE32265259C500A911F4 /* DispatchQueueLogFormatter.m */; };
		DB67BE5B265259C500A911F4 /* README.txt in Resources */ = {isa = PBXBuildFile; fileRef = DB67BE33265259C500A911F4 /* README.txt */; };
		DB67BE5C265259C500A911F4 /* DDLog.m in Sources */ = {isa = PBXBuildFile; fileRef = DB67BE34265259C500A911F4 /* DDLog.m */; };
		DB67BE5D265259C500A911F4 /* DDAbstractDatabaseLogger.m in Sources */ = {isa = PBXBuildFile; fileRef = DB67BE36265259C500A911F4 /* DDAbstractDatabaseLogger.m */; };
		DB67BE5E265259C500A911F4 /* DDFileLogger.m in Sources */ = {isa = PBXBuildFile; fileRef = DB67BE37265259C500A911F4 /* DDFileLogger.m */; };
		DB67BE5F265259C500A911F4 /* HTTPMessage.m in Sources */ = {isa = PBXBuildFile; fileRef = DB67BE3A265259C500A911F4 /* HTTPMessage.m */; };
		DB67BE60265259C500A911F4 /* HTTPConnection.m in Sources */ = {isa = PBXBuildFile; fileRef = DB67BE3B265259C500A911F4 /* HTTPConnection.m */; };
		DB67BE61265259C500A911F4 /* WebSocket.m in Sources */ = {isa = PBXBuildFile; fileRef = DB67BE3C265259C500A911F4 /* WebSocket.m */; };
		DB67BE62265259C500A911F4 /* MultipartMessageHeaderField.m in Sources */ = {isa = PBXBuildFile; fileRef = DB67BE41265259C500A911F4 /* MultipartMessageHeaderField.m */; };
		DB67BE63265259C500A911F4 /* MultipartFormDataParser.m in Sources */ = {isa = PBXBuildFile; fileRef = DB67BE42265259C500A911F4 /* MultipartFormDataParser.m */; };
		DB67BE64265259C500A911F4 /* MultipartMessageHeader.m in Sources */ = {isa = PBXBuildFile; fileRef = DB67BE43265259C500A911F4 /* MultipartMessageHeader.m */; };
		DB67BE65265259C500A911F4 /* HTTPAuthenticationRequest.m in Sources */ = {isa = PBXBuildFile; fileRef = DB67BE45265259C500A911F4 /* HTTPAuthenticationRequest.m */; };
		DB67BE66265259C500A911F4 /* DDNumber.m in Sources */ = {isa = PBXBuildFile; fileRef = DB67BE47265259C500A911F4 /* DDNumber.m */; };
		DB67BE67265259C500A911F4 /* DDData.m in Sources */ = {isa = PBXBuildFile; fileRef = DB67BE48265259C500A911F4 /* DDData.m */; };
		DB67BE68265259C500A911F4 /* DDRange.m in Sources */ = {isa = PBXBuildFile; fileRef = DB67BE4B265259C500A911F4 /* DDRange.m */; };
		DB67BE69265259C500A911F4 /* GCDAsyncSocket.m in Sources */ = {isa = PBXBuildFile; fileRef = DB67BE4E265259C500A911F4 /* GCDAsyncSocket.m */; };
		DB67BE6A265259C500A911F4 /* HTTPServer.m in Sources */ = {isa = PBXBuildFile; fileRef = DB67BE50265259C500A911F4 /* HTTPServer.m */; };
		DB67BE752653B04F00A911F4 /* ZBLibsConfiguration.m in Sources */ = {isa = PBXBuildFile; fileRef = DB67BE742653B04E00A911F4 /* ZBLibsConfiguration.m */; };
		DB67BE782653CDD200A911F4 /* ZBiPAUtils.m in Sources */ = {isa = PBXBuildFile; fileRef = DB67BE772653CDD100A911F4 /* ZBiPAUtils.m */; };
		DB7DDC3E26563B1400D2CE58 /* NSString+ZBKit.m in Sources */ = {isa = PBXBuildFile; fileRef = DB7DDC3D26563B1400D2CE58 /* NSString+ZBKit.m */; };
		DB7DDC4126563B9F00D2CE58 /* UIApplication+ZBKit.m in Sources */ = {isa = PBXBuildFile; fileRef = DB7DDC4026563B9F00D2CE58 /* UIApplication+ZBKit.m */; };
		DBA3184226590B5B00A38BDA /* ZBDownLoadManager.m in Sources */ = {isa = PBXBuildFile; fileRef = DBA3184126590B5B00A38BDA /* ZBDownLoadManager.m */; };
		DBCAE94B26468A9D009E50CE /* ZBHomeViewController.m in Sources */ = {isa = PBXBuildFile; fileRef = DBCAE94A26468A9D009E50CE /* ZBHomeViewController.m */; };
		DBCAE95026468ACD009E50CE /* ZBCertViewController.m in Sources */ = {isa = PBXBuildFile; fileRef = DBCAE94F26468ACD009E50CE /* ZBCertViewController.m */; };
		DBCAE95626468AE5009E50CE /* ZBiPAViewController.m in Sources */ = {isa = PBXBuildFile; fileRef = DBCAE95526468AE5009E50CE /* ZBiPAViewController.m */; };
		DBCAE95A26468AF5009E50CE /* ZBProfileViewController.m in Sources */ = {isa = PBXBuildFile; fileRef = DBCAE95926468AF5009E50CE /* ZBProfileViewController.m */; };
		DBCAE95E26468B0C009E50CE /* ZBResignViewController.m in Sources */ = {isa = PBXBuildFile; fileRef = DBCAE95D26468B0C009E50CE /* ZBResignViewController.m */; };
		DBCAE96226468B30009E50CE /* ZBNavigationController.m in Sources */ = {isa = PBXBuildFile; fileRef = DBCAE96126468B30009E50CE /* ZBNavigationController.m */; };
		DBCAE96B26490BD1009E50CE /* ZBTableViewController.m in Sources */ = {isa = PBXBuildFile; fileRef = DBCAE96A26490BD1009E50CE /* ZBTableViewController.m */; };
		E455804AC59C4F0DD62E61AE /* Pods_iPATools.framework in Frameworks */ = {isa = PBXBuildFile; fileRef = F80E46F9F826C49A85F8B610 /* Pods_iPATools.framework */; };
/* End PBXBuildFile section */

/* Begin PBXFileReference section */
		8119D5482A84A823167995D7 /* Pods-iPATools.release.xcconfig */ = {isa = PBXFileReference; includeInIndex = 1; lastKnownFileType = text.xcconfig; name = "Pods-iPATools.release.xcconfig"; path = "Target Support Files/Pods-iPATools/Pods-iPATools.release.xcconfig"; sourceTree = "<group>"; };
		8D3E686A62F9886E8ECC9154 /* Pods-iPATools.debug.xcconfig */ = {isa = PBXFileReference; includeInIndex = 1; lastKnownFileType = text.xcconfig; name = "Pods-iPATools.debug.xcconfig"; path = "Target Support Files/Pods-iPATools/Pods-iPATools.debug.xcconfig"; sourceTree = "<group>"; };
		DB294D2226490F840066F4C2 /* ZBTableViewCell.h */ = {isa = PBXFileReference; lastKnownFileType = sourcecode.c.h; path = ZBTableViewCell.h; sourceTree = "<group>"; };
		DB294D2326490F840066F4C2 /* ZBTableViewCell.m */ = {isa = PBXFileReference; lastKnownFileType = sourcecode.c.objc; path = ZBTableViewCell.m; sourceTree = "<group>"; };
		DB294D2826491F970066F4C2 /* ZBiPAModel.h */ = {isa = PBXFileReference; lastKnownFileType = sourcecode.c.h; path = ZBiPAModel.h; sourceTree = "<group>"; };
		DB294D2926491F970066F4C2 /* ZBiPAModel.m */ = {isa = PBXFileReference; lastKnownFileType = sourcecode.c.objc; path = ZBiPAModel.m; sourceTree = "<group>"; };
		DB294D2C264924F60066F4C2 /* ZBHomeTableViewCell.h */ = {isa = PBXFileReference; lastKnownFileType = sourcecode.c.h; path = ZBHomeTableViewCell.h; sourceTree = "<group>"; };
		DB294D2D264924F60066F4C2 /* ZBHomeTableViewCell.m */ = {isa = PBXFileReference; lastKnownFileType = sourcecode.c.objc; path = ZBHomeTableViewCell.m; sourceTree = "<group>"; };
		DB294D2E264924F60066F4C2 /* ZBHomeTableViewCell.xib */ = {isa = PBXFileReference; lastKnownFileType = file.xib; path = ZBHomeTableViewCell.xib; sourceTree = "<group>"; };
		DB294D3E26493E9E0066F4C2 /* UIColor+ZBKit.h */ = {isa = PBXFileReference; lastKnownFileType = sourcecode.c.h; path = "UIColor+ZBKit.h"; sourceTree = "<group>"; };
		DB294D3F26493E9E0066F4C2 /* UIColor+ZBKit.m */ = {isa = PBXFileReference; lastKnownFileType = sourcecode.c.objc; path = "UIColor+ZBKit.m"; sourceTree = "<group>"; };
		DB294DB5264A59FA0066F4C2 /* ipas.json */ = {isa = PBXFileReference; lastKnownFileType = text.json; path = ipas.json; sourceTree = "<group>"; };
		DB585BCB26467FCC008DE72A /* iPATools.app */ = {isa = PBXFileReference; explicitFileType = wrapper.application; includeInIndex = 0; path = iPATools.app; sourceTree = BUILT_PRODUCTS_DIR; };
		DB585BDF26467FCE008DE72A /* Info.plist */ = {isa = PBXFileReference; lastKnownFileType = text.plist.xml; path = Info.plist; sourceTree = "<group>"; };
		DB585C05264684BA008DE72A /* AppDelegate.h */ = {isa = PBXFileReference; fileEncoding = 4; lastKnownFileType = sourcecode.c.h; path = AppDelegate.h; sourceTree = "<group>"; };
		DB585C06264684BA008DE72A /* main.m */ = {isa = PBXFileReference; fileEncoding = 4; lastKnownFileType = sourcecode.c.objc; path = main.m; sourceTree = "<group>"; };
		DB585C07264684BA008DE72A /* AppDelegate.m */ = {isa = PBXFileReference; fileEncoding = 4; lastKnownFileType = sourcecode.c.objc; path = AppDelegate.m; sourceTree = "<group>"; };
		DB585C0F26468533008DE72A /* Base */ = {isa = PBXFileReference; lastKnownFileType = file.storyboard; name = Base; path = Base.lproj/LaunchScreen.storyboard; sourceTree = "<group>"; };
		DB585C1A264685B8008DE72A /* ZBBaseViewController.h */ = {isa = PBXFileReference; lastKnownFileType = sourcecode.c.h; path = ZBBaseViewController.h; sourceTree = "<group>"; };
		DB585C1B264685B8008DE72A /* ZBBaseViewController.m */ = {isa = PBXFileReference; lastKnownFileType = sourcecode.c.objc; path = ZBBaseViewController.m; sourceTree = "<group>"; };
		DB585C20264685D9008DE72A /* Images.xcassets */ = {isa = PBXFileReference; lastKnownFileType = folder.assetcatalog; path = Images.xcassets; sourceTree = "<group>"; };
		DB585C2E2646869F008DE72A /* ZBTabBarController.h */ = {isa = PBXFileReference; lastKnownFileType = sourcecode.c.h; path = ZBTabBarController.h; sourceTree = "<group>"; };
		DB585C2F2646869F008DE72A /* ZBTabBarController.m */ = {isa = PBXFileReference; lastKnownFileType = sourcecode.c.objc; path = ZBTabBarController.m; sourceTree = "<group>"; };
		DB67BDC9264E846300A911F4 /* YCDownloadManager.m */ = {isa = PBXFileReference; fileEncoding = 4; lastKnownFileType = sourcecode.c.objc; path = YCDownloadManager.m; sourceTree = "<group>"; };
		DB67BDCA264E846300A911F4 /* YCDownloadItem.h */ = {isa = PBXFileReference; fileEncoding = 4; lastKnownFileType = sourcecode.c.h; path = YCDownloadItem.h; sourceTree = "<group>"; };
		DB67BDCC264E846300A911F4 /* YCDownloadUtils.h */ = {isa = PBXFileReference; fileEncoding = 4; lastKnownFileType = sourcecode.c.h; path = YCDownloadUtils.h; sourceTree = "<group>"; };
		DB67BDCD264E846300A911F4 /* YCDownloadDB.h */ = {isa = PBXFileReference; fileEncoding = 4; lastKnownFileType = sourcecode.c.h; path = YCDownloadDB.h; sourceTree = "<group>"; };
		DB67BDCE264E846300A911F4 /* YCDownloadSession.h */ = {isa = PBXFileReference; fileEncoding = 4; lastKnownFileType = sourcecode.c.h; path = YCDownloadSession.h; sourceTree = "<group>"; };
		DB67BDCF264E846300A911F4 /* YCDownloader.m */ = {isa = PBXFileReference; fileEncoding = 4; lastKnownFileType = sourcecode.c.objc; path = YCDownloader.m; sourceTree = "<group>"; };
		DB67BDD0264E846300A911F4 /* YCDownloadTask.h */ = {isa = PBXFileReference; fileEncoding = 4; lastKnownFileType = sourcecode.c.h; path = YCDownloadTask.h; sourceTree = "<group>"; };
		DB67BDD1264E846300A911F4 /* YCDownloadUtils.m */ = {isa = PBXFileReference; fileEncoding = 4; lastKnownFileType = sourcecode.c.objc; path = YCDownloadUtils.m; sourceTree = "<group>"; };
		DB67BDD2264E846300A911F4 /* YCDownloader.h */ = {isa = PBXFileReference; fileEncoding = 4; lastKnownFileType = sourcecode.c.h; path = YCDownloader.h; sourceTree = "<group>"; };
		DB67BDD3264E846300A911F4 /* YCDownloadDB.m */ = {isa = PBXFileReference; fileEncoding = 4; lastKnownFileType = sourcecode.c.objc; path = YCDownloadDB.m; sourceTree = "<group>"; };
		DB67BDD4264E846300A911F4 /* YCDownloadTask.m */ = {isa = PBXFileReference; fileEncoding = 4; lastKnownFileType = sourcecode.c.objc; path = YCDownloadTask.m; sourceTree = "<group>"; };
		DB67BDD5264E846300A911F4 /* YCDownloadManager.h */ = {isa = PBXFileReference; fileEncoding = 4; lastKnownFileType = sourcecode.c.h; path = YCDownloadManager.h; sourceTree = "<group>"; };
		DB67BDD6264E846300A911F4 /* YCDownloadItem.m */ = {isa = PBXFileReference; fileEncoding = 4; lastKnownFileType = sourcecode.c.objc; path = YCDownloadItem.m; sourceTree = "<group>"; };
		DB67BDDD264FB8D300A911F4 /* ZBiPATableViewCell.h */ = {isa = PBXFileReference; lastKnownFileType = sourcecode.c.h; path = ZBiPATableViewCell.h; sourceTree = "<group>"; };
		DB67BDDE264FB8D300A911F4 /* ZBiPATableViewCell.m */ = {isa = PBXFileReference; lastKnownFileType = sourcecode.c.objc; path = ZBiPATableViewCell.m; sourceTree = "<group>"; };
		DB67BDDF264FB8D300A911F4 /* ZBiPATableViewCell.xib */ = {isa = PBXFileReference; lastKnownFileType = file.xib; path = ZBiPATableViewCell.xib; sourceTree = "<group>"; };
		DB67BE16265259C500A911F4 /* HTTPConnection.h */ = {isa = PBXFileReference; fileEncoding = 4; lastKnownFileType = sourcecode.c.h; path = HTTPConnection.h; sourceTree = "<group>"; };
		DB67BE17265259C500A911F4 /* HTTPLogging.h */ = {isa = PBXFileReference; fileEncoding = 4; lastKnownFileType = sourcecode.c.h; path = HTTPLogging.h; sourceTree = "<group>"; };
		DB67BE18265259C500A911F4 /* HTTPMessage.h */ = {isa = PBXFileReference; fileEncoding = 4; lastKnownFileType = sourcecode.c.h; path = HTTPMessage.h; sourceTree = "<group>"; };
		DB67BE19265259C500A911F4 /* WebSocket.h */ = {isa = PBXFileReference; fileEncoding = 4; lastKnownFileType = sourcecode.c.h; path = WebSocket.h; sourceTree = "<group>"; };
		DB67BE1A265259C500A911F4 /* HTTPAuthenticationRequest.h */ = {isa = PBXFileReference; fileEncoding = 4; lastKnownFileType = sourcecode.c.h; path = HTTPAuthenticationRequest.h; sourceTree = "<group>"; };
		DB67BE1C265259C500A911F4 /* HTTPAsyncFileResponse.h */ = {isa = PBXFileReference; fileEncoding = 4; lastKnownFileType = sourcecode.c.h; path = HTTPAsyncFileResponse.h; sourceTree = "<group>"; };
		DB67BE1D265259C500A911F4 /* HTTPErrorResponse.m */ = {isa = PBXFileReference; fileEncoding = 4; lastKnownFileType = sourcecode.c.objc; path = HTTPErrorResponse.m; sourceTree = "<group>"; };
		DB67BE1E265259C500A911F4 /* HTTPDataResponse.m */ = {isa = PBXFileReference; fileEncoding = 4; lastKnownFileType = sourcecode.c.objc; path = HTTPDataResponse.m; sourceTree = "<group>"; };
		DB67BE1F265259C500A911F4 /* HTTPRedirectResponse.h */ = {isa = PBXFileReference; fileEncoding = 4; lastKnownFileType = sourcecode.c.h; path = HTTPRedirectResponse.h; sourceTree = "<group>"; };
		DB67BE20265259C500A911F4 /* HTTPDynamicFileResponse.m */ = {isa = PBXFileReference; fileEncoding = 4; lastKnownFileType = sourcecode.c.objc; path = HTTPDynamicFileResponse.m; sourceTree = "<group>"; };
		DB67BE21265259C500A911F4 /* HTTPFileResponse.m */ = {isa = PBXFileReference; fileEncoding = 4; lastKnownFileType = sourcecode.c.objc; path = HTTPFileResponse.m; sourceTree = "<group>"; };
		DB67BE22265259C500A911F4 /* HTTPAsyncFileResponse.m */ = {isa = PBXFileReference; fileEncoding = 4; lastKnownFileType = sourcecode.c.objc; path = HTTPAsyncFileResponse.m; sourceTree = "<group>"; };
		DB67BE23265259C500A911F4 /* HTTPRedirectResponse.m */ = {isa = PBXFileReference; fileEncoding = 4; lastKnownFileType = sourcecode.c.objc; path = HTTPRedirectResponse.m; sourceTree = "<group>"; };
		DB67BE24265259C500A911F4 /* HTTPDataResponse.h */ = {isa = PBXFileReference; fileEncoding = 4; lastKnownFileType = sourcecode.c.h; path = HTTPDataResponse.h; sourceTree = "<group>"; };
		DB67BE25265259C500A911F4 /* HTTPErrorResponse.h */ = {isa = PBXFileReference; fileEncoding = 4; lastKnownFileType = sourcecode.c.h; path = HTTPErrorResponse.h; sourceTree = "<group>"; };
		DB67BE26265259C500A911F4 /* HTTPFileResponse.h */ = {isa = PBXFileReference; fileEncoding = 4; lastKnownFileType = sourcecode.c.h; path = HTTPFileResponse.h; sourceTree = "<group>"; };
		DB67BE27265259C500A911F4 /* HTTPDynamicFileResponse.h */ = {isa = PBXFileReference; fileEncoding = 4; lastKnownFileType = sourcecode.c.h; path = HTTPDynamicFileResponse.h; sourceTree = "<group>"; };
		DB67BE29265259C500A911F4 /* DDTTYLogger.m */ = {isa = PBXFileReference; fileEncoding = 4; lastKnownFileType = sourcecode.c.objc; path = DDTTYLogger.m; sourceTree = "<group>"; };
		DB67BE2A265259C500A911F4 /* DDLog.h */ = {isa = PBXFileReference; fileEncoding = 4; lastKnownFileType = sourcecode.c.h; path = DDLog.h; sourceTree = "<group>"; };
		DB67BE2B265259C500A911F4 /* DDAbstractDatabaseLogger.h */ = {isa = PBXFileReference; fileEncoding = 4; lastKnownFileType = sourcecode.c.h; path = DDAbstractDatabaseLogger.h; sourceTree = "<group>"; };
		DB67BE2C265259C500A911F4 /* DDASLLogger.m */ = {isa = PBXFileReference; fileEncoding = 4; lastKnownFileType = sourcecode.c.objc; path = DDASLLogger.m; sourceTree = "<group>"; };
		DB67BE2D265259C500A911F4 /* DDFileLogger.h */ = {isa = PBXFileReference; fileEncoding = 4; lastKnownFileType = sourcecode.c.h; path = DDFileLogger.h; sourceTree = "<group>"; };
		DB67BE2F265259C500A911F4 /* ContextFilterLogFormatter.h */ = {isa = PBXFileReference; fileEncoding = 4; lastKnownFileType = sourcecode.c.h; path = ContextFilterLogFormatter.h; sourceTree = "<group>"; };
		DB67BE30265259C500A911F4 /* DispatchQueueLogFormatter.h */ = {isa = PBXFileReference; fileEncoding = 4; lastKnownFileType = sourcecode.c.h; path = DispatchQueueLogFormatter.h; sourceTree = "<group>"; };
		DB67BE31265259C500A911F4 /* ContextFilterLogFormatter.m */ = {isa = PBXFileReference; fileEncoding = 4; lastKnownFileType = sourcecode.c.objc; path = ContextFilterLogFormatter.m; sourceTree = "<group>"; };
		DB67BE32265259C500A911F4 /* DispatchQueueLogFormatter.m */ = {isa = PBXFileReference; fileEncoding = 4; lastKnownFileType = sourcecode.c.objc; path = DispatchQueueLogFormatter.m; sourceTree = "<group>"; };
		DB67BE33265259C500A911F4 /* README.txt */ = {isa = PBXFileReference; fileEncoding = 4; lastKnownFileType = text; path = README.txt; sourceTree = "<group>"; };
		DB67BE34265259C500A911F4 /* DDLog.m */ = {isa = PBXFileReference; fileEncoding = 4; lastKnownFileType = sourcecode.c.objc; path = DDLog.m; sourceTree = "<group>"; };
		DB67BE35265259C500A911F4 /* DDTTYLogger.h */ = {isa = PBXFileReference; fileEncoding = 4; lastKnownFileType = sourcecode.c.h; path = DDTTYLogger.h; sourceTree = "<group>"; };
		DB67BE36265259C500A911F4 /* DDAbstractDatabaseLogger.m */ = {isa = PBXFileReference; fileEncoding = 4; lastKnownFileType = sourcecode.c.objc; path = DDAbstractDatabaseLogger.m; sourceTree = "<group>"; };
		DB67BE37265259C500A911F4 /* DDFileLogger.m */ = {isa = PBXFileReference; fileEncoding = 4; lastKnownFileType = sourcecode.c.objc; path = DDFileLogger.m; sourceTree = "<group>"; };
		DB67BE38265259C500A911F4 /* DDASLLogger.h */ = {isa = PBXFileReference; fileEncoding = 4; lastKnownFileType = sourcecode.c.h; path = DDASLLogger.h; sourceTree = "<group>"; };
		DB67BE39265259C500A911F4 /* HTTPServer.h */ = {isa = PBXFileReference; fileEncoding = 4; lastKnownFileType = sourcecode.c.h; path = HTTPServer.h; sourceTree = "<group>"; };
		DB67BE3A265259C500A911F4 /* HTTPMessage.m */ = {isa = PBXFileReference; fileEncoding = 4; lastKnownFileType = sourcecode.c.objc; path = HTTPMessage.m; sourceTree = "<group>"; };
		DB67BE3B265259C500A911F4 /* HTTPConnection.m */ = {isa = PBXFileReference; fileEncoding = 4; lastKnownFileType = sourcecode.c.objc; path = HTTPConnection.m; sourceTree = "<group>"; };
		DB67BE3C265259C500A911F4 /* WebSocket.m */ = {isa = PBXFileReference; fileEncoding = 4; lastKnownFileType = sourcecode.c.objc; path = WebSocket.m; sourceTree = "<group>"; };
		DB67BE3D265259C500A911F4 /* HTTPResponse.h */ = {isa = PBXFileReference; fileEncoding = 4; lastKnownFileType = sourcecode.c.h; path = HTTPResponse.h; sourceTree = "<group>"; };
		DB67BE3F265259C500A911F4 /* MultipartFormDataParser.h */ = {isa = PBXFileReference; fileEncoding = 4; lastKnownFileType = sourcecode.c.h; path = MultipartFormDataParser.h; sourceTree = "<group>"; };
		DB67BE40265259C500A911F4 /* MultipartMessageHeader.h */ = {isa = PBXFileReference; fileEncoding = 4; lastKnownFileType = sourcecode.c.h; path = MultipartMessageHeader.h; sourceTree = "<group>"; };
		DB67BE41265259C500A911F4 /* MultipartMessageHeaderField.m */ = {isa = PBXFileReference; fileEncoding = 4; lastKnownFileType = sourcecode.c.objc; path = MultipartMessageHeaderField.m; sourceTree = "<group>"; };
		DB67BE42265259C500A911F4 /* MultipartFormDataParser.m */ = {isa = PBXFileReference; fileEncoding = 4; lastKnownFileType = sourcecode.c.objc; path = MultipartFormDataParser.m; sourceTree = "<group>"; };
		DB67BE43265259C500A911F4 /* MultipartMessageHeader.m */ = {isa = PBXFileReference; fileEncoding = 4; lastKnownFileType = sourcecode.c.objc; path = MultipartMessageHeader.m; sourceTree = "<group>"; };
		DB67BE44265259C500A911F4 /* MultipartMessageHeaderField.h */ = {isa = PBXFileReference; fileEncoding = 4; lastKnownFileType = sourcecode.c.h; path = MultipartMessageHeaderField.h; sourceTree = "<group>"; };
		DB67BE45265259C500A911F4 /* HTTPAuthenticationRequest.m */ = {isa = PBXFileReference; fileEncoding = 4; lastKnownFileType = sourcecode.c.objc; path = HTTPAuthenticationRequest.m; sourceTree = "<group>"; };
		DB67BE47265259C500A911F4 /* DDNumber.m */ = {isa = PBXFileReference; fileEncoding = 4; lastKnownFileType = sourcecode.c.objc; path = DDNumber.m; sourceTree = "<group>"; };
		DB67BE48265259C500A911F4 /* DDData.m */ = {isa = PBXFileReference; fileEncoding = 4; lastKnownFileType = sourcecode.c.objc; path = DDData.m; sourceTree = "<group>"; };
		DB67BE49265259C500A911F4 /* DDRange.h */ = {isa = PBXFileReference; fileEncoding = 4; lastKnownFileType = sourcecode.c.h; path = DDRange.h; sourceTree = "<group>"; };
		DB67BE4A265259C500A911F4 /* DDNumber.h */ = {isa = PBXFileReference; fileEncoding = 4; lastKnownFileType = sourcecode.c.h; path = DDNumber.h; sourceTree = "<group>"; };
		DB67BE4B265259C500A911F4 /* DDRange.m */ = {isa = PBXFileReference; fileEncoding = 4; lastKnownFileType = sourcecode.c.objc; path = DDRange.m; sourceTree = "<group>"; };
		DB67BE4C265259C500A911F4 /* DDData.h */ = {isa = PBXFileReference; fileEncoding = 4; lastKnownFileType = sourcecode.c.h; path = DDData.h; sourceTree = "<group>"; };
		DB67BE4E265259C500A911F4 /* GCDAsyncSocket.m */ = {isa = PBXFileReference; fileEncoding = 4; lastKnownFileType = sourcecode.c.objc; path = GCDAsyncSocket.m; sourceTree = "<group>"; };
		DB67BE4F265259C500A911F4 /* GCDAsyncSocket.h */ = {isa = PBXFileReference; fileEncoding = 4; lastKnownFileType = sourcecode.c.h; path = GCDAsyncSocket.h; sourceTree = "<group>"; };
		DB67BE50265259C500A911F4 /* HTTPServer.m */ = {isa = PBXFileReference; fileEncoding = 4; lastKnownFileType = sourcecode.c.objc; path = HTTPServer.m; sourceTree = "<group>"; };
		DB67BE732653B04E00A911F4 /* ZBLibsConfiguration.h */ = {isa = PBXFileReference; lastKnownFileType = sourcecode.c.h; path = ZBLibsConfiguration.h; sourceTree = "<group>"; };
		DB67BE742653B04E00A911F4 /* ZBLibsConfiguration.m */ = {isa = PBXFileReference; lastKnownFileType = sourcecode.c.objc; path = ZBLibsConfiguration.m; sourceTree = "<group>"; };
		DB67BE762653CDD100A911F4 /* ZBiPAUtils.h */ = {isa = PBXFileReference; lastKnownFileType = sourcecode.c.h; path = ZBiPAUtils.h; sourceTree = "<group>"; };
		DB67BE772653CDD100A911F4 /* ZBiPAUtils.m */ = {isa = PBXFileReference; lastKnownFileType = sourcecode.c.objc; path = ZBiPAUtils.m; sourceTree = "<group>"; };
		DB7DDC3C26563B1400D2CE58 /* NSString+ZBKit.h */ = {isa = PBXFileReference; lastKnownFileType = sourcecode.c.h; path = "NSString+ZBKit.h"; sourceTree = "<group>"; };
		DB7DDC3D26563B1400D2CE58 /* NSString+ZBKit.m */ = {isa = PBXFileReference; lastKnownFileType = sourcecode.c.objc; path = "NSString+ZBKit.m"; sourceTree = "<group>"; };
		DB7DDC3F26563B9F00D2CE58 /* UIApplication+ZBKit.h */ = {isa = PBXFileReference; lastKnownFileType = sourcecode.c.h; path = "UIApplication+ZBKit.h"; sourceTree = "<group>"; };
		DB7DDC4026563B9F00D2CE58 /* UIApplication+ZBKit.m */ = {isa = PBXFileReference; lastKnownFileType = sourcecode.c.objc; path = "UIApplication+ZBKit.m"; sourceTree = "<group>"; };
		DBA3184026590B5B00A38BDA /* ZBDownLoadManager.h */ = {isa = PBXFileReference; lastKnownFileType = sourcecode.c.h; path = ZBDownLoadManager.h; sourceTree = "<group>"; };
		DBA3184126590B5B00A38BDA /* ZBDownLoadManager.m */ = {isa = PBXFileReference; lastKnownFileType = sourcecode.c.objc; path = ZBDownLoadManager.m; sourceTree = "<group>"; };
		DBCAE94926468A9D009E50CE /* ZBHomeViewController.h */ = {isa = PBXFileReference; lastKnownFileType = sourcecode.c.h; path = ZBHomeViewController.h; sourceTree = "<group>"; };
		DBCAE94A26468A9D009E50CE /* ZBHomeViewController.m */ = {isa = PBXFileReference; lastKnownFileType = sourcecode.c.objc; path = ZBHomeViewController.m; sourceTree = "<group>"; };
		DBCAE94E26468ACD009E50CE /* ZBCertViewController.h */ = {isa = PBXFileReference; lastKnownFileType = sourcecode.c.h; path = ZBCertViewController.h; sourceTree = "<group>"; };
		DBCAE94F26468ACD009E50CE /* ZBCertViewController.m */ = {isa = PBXFileReference; lastKnownFileType = sourcecode.c.objc; path = ZBCertViewController.m; sourceTree = "<group>"; };
		DBCAE95426468AE5009E50CE /* ZBiPAViewController.h */ = {isa = PBXFileReference; lastKnownFileType = sourcecode.c.h; path = ZBiPAViewController.h; sourceTree = "<group>"; };
		DBCAE95526468AE5009E50CE /* ZBiPAViewController.m */ = {isa = PBXFileReference; lastKnownFileType = sourcecode.c.objc; path = ZBiPAViewController.m; sourceTree = "<group>"; };
		DBCAE95826468AF5009E50CE /* ZBProfileViewController.h */ = {isa = PBXFileReference; lastKnownFileType = sourcecode.c.h; path = ZBProfileViewController.h; sourceTree = "<group>"; };
		DBCAE95926468AF5009E50CE /* ZBProfileViewController.m */ = {isa = PBXFileReference; lastKnownFileType = sourcecode.c.objc; path = ZBProfileViewController.m; sourceTree = "<group>"; };
		DBCAE95C26468B0C009E50CE /* ZBResignViewController.h */ = {isa = PBXFileReference; lastKnownFileType = sourcecode.c.h; path = ZBResignViewController.h; sourceTree = "<group>"; };
		DBCAE95D26468B0C009E50CE /* ZBResignViewController.m */ = {isa = PBXFileReference; lastKnownFileType = sourcecode.c.objc; path = ZBResignViewController.m; sourceTree = "<group>"; };
		DBCAE96026468B30009E50CE /* ZBNavigationController.h */ = {isa = PBXFileReference; lastKnownFileType = sourcecode.c.h; path = ZBNavigationController.h; sourceTree = "<group>"; };
		DBCAE96126468B30009E50CE /* ZBNavigationController.m */ = {isa = PBXFileReference; lastKnownFileType = sourcecode.c.objc; path = ZBNavigationController.m; sourceTree = "<group>"; };
		DBCAE96726469F37009E50CE /* .gitignore */ = {isa = PBXFileReference; lastKnownFileType = text; path = .gitignore; sourceTree = "<group>"; };
		DBCAE96826469F42009E50CE /* README.md */ = {isa = PBXFileReference; lastKnownFileType = net.daringfireball.markdown; path = README.md; sourceTree = "<group>"; };
		DBCAE96926490BD1009E50CE /* ZBTableViewController.h */ = {isa = PBXFileReference; lastKnownFileType = sourcecode.c.h; path = ZBTableViewController.h; sourceTree = "<group>"; };
		DBCAE96A26490BD1009E50CE /* ZBTableViewController.m */ = {isa = PBXFileReference; lastKnownFileType = sourcecode.c.objc; path = ZBTableViewController.m; sourceTree = "<group>"; };
		F80E46F9F826C49A85F8B610 /* Pods_iPATools.framework */ = {isa = PBXFileReference; explicitFileType = wrapper.framework; includeInIndex = 0; path = Pods_iPATools.framework; sourceTree = BUILT_PRODUCTS_DIR; };
/* End PBXFileReference section */

/* Begin PBXFrameworksBuildPhase section */
		DB585BC826467FCC008DE72A /* Frameworks */ = {
			isa = PBXFrameworksBuildPhase;
			buildActionMask = 2147483647;
			files = (
				E455804AC59C4F0DD62E61AE /* Pods_iPATools.framework in Frameworks */,
			);
			runOnlyForDeploymentPostprocessing = 0;
		};
/* End PBXFrameworksBuildPhase section */

/* Begin PBXGroup section */
		26BCEF87734257250F7D0647 /* Frameworks */ = {
			isa = PBXGroup;
			children = (
				F80E46F9F826C49A85F8B610 /* Pods_iPATools.framework */,
			);
			name = Frameworks;
			sourceTree = "<group>";
		};
		BC3F82496311ECF0F0FE1D29 /* Pods */ = {
			isa = PBXGroup;
			children = (
				8D3E686A62F9886E8ECC9154 /* Pods-iPATools.debug.xcconfig */,
				8119D5482A84A823167995D7 /* Pods-iPATools.release.xcconfig */,
			);
			path = Pods;
			sourceTree = "<group>";
		};
		DB1469F726900C0F00485066 /* Sign */ = {
			isa = PBXGroup;
			children = (
				DB67BE762653CDD100A911F4 /* ZBiPAUtils.h */,
				DB67BE772653CDD100A911F4 /* ZBiPAUtils.m */,
			);
			path = Sign;
			sourceTree = "<group>";
		};
		DB26DD7B265B439600143424 /* Configs */ = {
			isa = PBXGroup;
			children = (
				DB67BE732653B04E00A911F4 /* ZBLibsConfiguration.h */,
				DB67BE742653B04E00A911F4 /* ZBLibsConfiguration.m */,
			);
			path = Configs;
			sourceTree = "<group>";
		};
		DB294D2726491F7F0066F4C2 /* Models */ = {
			isa = PBXGroup;
			children = (
				DB294D2826491F970066F4C2 /* ZBiPAModel.h */,
				DB294D2926491F970066F4C2 /* ZBiPAModel.m */,
			);
			path = Models;
			sourceTree = "<group>";
		};
		DB294D3326493E060066F4C2 /* ZBKit */ = {
			isa = PBXGroup;
			children = (
				DB294D3426493E1A0066F4C2 /* UIKitExtensions */,
			);
			path = ZBKit;
			sourceTree = "<group>";
		};
		DB294D3426493E1A0066F4C2 /* UIKitExtensions */ = {
			isa = PBXGroup;
			children = (
				DB294D3E26493E9E0066F4C2 /* UIColor+ZBKit.h */,
				DB294D3F26493E9E0066F4C2 /* UIColor+ZBKit.m */,
				DB7DDC3C26563B1400D2CE58 /* NSString+ZBKit.h */,
				DB7DDC3D26563B1400D2CE58 /* NSString+ZBKit.m */,
				DB7DDC3F26563B9F00D2CE58 /* UIApplication+ZBKit.h */,
				DB7DDC4026563B9F00D2CE58 /* UIApplication+ZBKit.m */,
			);
			path = UIKitExtensions;
			sourceTree = "<group>";
		};
		DB585BC226467FCC008DE72A = {
			isa = PBXGroup;
			children = (
				DBCAE96626469F09009E50CE /* doc */,
				DB585BCD26467FCC008DE72A /* iPATools */,
				DB585BCC26467FCC008DE72A /* Products */,
				BC3F82496311ECF0F0FE1D29 /* Pods */,
				26BCEF87734257250F7D0647 /* Frameworks */,
			);
			sourceTree = "<group>";
		};
		DB585BCC26467FCC008DE72A /* Products */ = {
			isa = PBXGroup;
			children = (
				DB585BCB26467FCC008DE72A /* iPATools.app */,
			);
			name = Products;
			sourceTree = "<group>";
		};
		DB585BCD26467FCC008DE72A /* iPATools */ = {
			isa = PBXGroup;
			children = (
				DB1469F726900C0F00485066 /* Sign */,
				DB26DD7B265B439600143424 /* Configs */,
				DBA3183F2657941300A38BDA /* Managers */,
				DB67BDAD264E840C00A911F4 /* Libs */,
				DB294D3326493E060066F4C2 /* ZBKit */,
				DB585C1026468533008DE72A /* Base */,
				DBCAE9292646886D009E50CE /* Modulars */,
				DB585C0C26468533008DE72A /* Resources */,
				DB585C04264684BA008DE72A /* proj */,
				DB585BDF26467FCE008DE72A /* Info.plist */,
			);
			path = iPATools;
			sourceTree = "<group>";
		};
		DB585C04264684BA008DE72A /* proj */ = {
			isa = PBXGroup;
			children = (
				DB585C06264684BA008DE72A /* main.m */,
				DB585C05264684BA008DE72A /* AppDelegate.h */,
				DB585C07264684BA008DE72A /* AppDelegate.m */,
			);
			path = proj;
			sourceTree = "<group>";
		};
		DB585C0C26468533008DE72A /* Resources */ = {
			isa = PBXGroup;
			children = (
				DB585C20264685D9008DE72A /* Images.xcassets */,
				DB585C0E26468533008DE72A /* LaunchScreen.storyboard */,
				DB294DB5264A59FA0066F4C2 /* ipas.json */,
			);
			path = Resources;
			sourceTree = "<group>";
		};
		DB585C1026468533008DE72A /* Base */ = {
			isa = PBXGroup;
			children = (
				DB294D2726491F7F0066F4C2 /* Models */,
				DB585C1126468533008DE72A /* ViewControllers */,
				DB585C1226468533008DE72A /* Views */,
			);
			path = Base;
			sourceTree = "<group>";
		};
		DB585C1126468533008DE72A /* ViewControllers */ = {
			isa = PBXGroup;
			children = (
				DB585C2E2646869F008DE72A /* ZBTabBarController.h */,
				DB585C2F2646869F008DE72A /* ZBTabBarController.m */,
				DB585C1A264685B8008DE72A /* ZBBaseViewController.h */,
				DB585C1B264685B8008DE72A /* ZBBaseViewController.m */,
				DBCAE96026468B30009E50CE /* ZBNavigationController.h */,
				DBCAE96126468B30009E50CE /* ZBNavigationController.m */,
				DBCAE96926490BD1009E50CE /* ZBTableViewController.h */,
				DBCAE96A26490BD1009E50CE /* ZBTableViewController.m */,
			);
			path = ViewControllers;
			sourceTree = "<group>";
		};
		DB585C1226468533008DE72A /* Views */ = {
			isa = PBXGroup;
			children = (
				DB294D2226490F840066F4C2 /* ZBTableViewCell.h */,
				DB294D2326490F840066F4C2 /* ZBTableViewCell.m */,
			);
			path = Views;
			sourceTree = "<group>";
		};
		DB67BDAD264E840C00A911F4 /* Libs */ = {
			isa = PBXGroup;
			children = (
				DB67BE15265259C500A911F4 /* HTTPServer */,
				DB67BDC8264E846300A911F4 /* YCDownloadSession */,
			);
			path = Libs;
			sourceTree = "<group>";
		};
		DB67BDC8264E846300A911F4 /* YCDownloadSession */ = {
			isa = PBXGroup;
			children = (
				DB67BDCB264E846300A911F4 /* Core */,
				DB67BDD5264E846300A911F4 /* YCDownloadManager.h */,
				DB67BDC9264E846300A911F4 /* YCDownloadManager.m */,
				DB67BDCA264E846300A911F4 /* YCDownloadItem.h */,
				DB67BDD6264E846300A911F4 /* YCDownloadItem.m */,
			);
			path = YCDownloadSession;
			sourceTree = "<group>";
		};
		DB67BDCB264E846300A911F4 /* Core */ = {
			isa = PBXGroup;
			children = (
				DB67BDCE264E846300A911F4 /* YCDownloadSession.h */,
				DB67BDCC264E846300A911F4 /* YCDownloadUtils.h */,
				DB67BDD1264E846300A911F4 /* YCDownloadUtils.m */,
				DB67BDCD264E846300A911F4 /* YCDownloadDB.h */,
				DB67BDD3264E846300A911F4 /* YCDownloadDB.m */,
				DB67BDD2264E846300A911F4 /* YCDownloader.h */,
				DB67BDCF264E846300A911F4 /* YCDownloader.m */,
				DB67BDD0264E846300A911F4 /* YCDownloadTask.h */,
				DB67BDD4264E846300A911F4 /* YCDownloadTask.m */,
			);
			path = Core;
			sourceTree = "<group>";
		};
		DB67BE15265259C500A911F4 /* HTTPServer */ = {
			isa = PBXGroup;
			children = (
				DB67BE16265259C500A911F4 /* HTTPConnection.h */,
				DB67BE17265259C500A911F4 /* HTTPLogging.h */,
				DB67BE18265259C500A911F4 /* HTTPMessage.h */,
				DB67BE19265259C500A911F4 /* WebSocket.h */,
				DB67BE1A265259C500A911F4 /* HTTPAuthenticationRequest.h */,
				DB67BE1B265259C500A911F4 /* Responses */,
				DB67BE28265259C500A911F4 /* CocoaLumberjack */,
				DB67BE39265259C500A911F4 /* HTTPServer.h */,
				DB67BE3A265259C500A911F4 /* HTTPMessage.m */,
				DB67BE3B265259C500A911F4 /* HTTPConnection.m */,
				DB67BE3C265259C500A911F4 /* WebSocket.m */,
				DB67BE3D265259C500A911F4 /* HTTPResponse.h */,
				DB67BE3E265259C500A911F4 /* Mime */,
				DB67BE45265259C500A911F4 /* HTTPAuthenticationRequest.m */,
				DB67BE46265259C500A911F4 /* Categories */,
				DB67BE4D265259C500A911F4 /* CocoaAsyncSocket */,
				DB67BE50265259C500A911F4 /* HTTPServer.m */,
			);
			path = HTTPServer;
			sourceTree = "<group>";
		};
		DB67BE1B265259C500A911F4 /* Responses */ = {
			isa = PBXGroup;
			children = (
				DB67BE1C265259C500A911F4 /* HTTPAsyncFileResponse.h */,
				DB67BE1D265259C500A911F4 /* HTTPErrorResponse.m */,
				DB67BE1E265259C500A911F4 /* HTTPDataResponse.m */,
				DB67BE1F265259C500A911F4 /* HTTPRedirectResponse.h */,
				DB67BE20265259C500A911F4 /* HTTPDynamicFileResponse.m */,
				DB67BE21265259C500A911F4 /* HTTPFileResponse.m */,
				DB67BE22265259C500A911F4 /* HTTPAsyncFileResponse.m */,
				DB67BE23265259C500A911F4 /* HTTPRedirectResponse.m */,
				DB67BE24265259C500A911F4 /* HTTPDataResponse.h */,
				DB67BE25265259C500A911F4 /* HTTPErrorResponse.h */,
				DB67BE26265259C500A911F4 /* HTTPFileResponse.h */,
				DB67BE27265259C500A911F4 /* HTTPDynamicFileResponse.h */,
			);
			path = Responses;
			sourceTree = "<group>";
		};
		DB67BE28265259C500A911F4 /* CocoaLumberjack */ = {
			isa = PBXGroup;
			children = (
				DB67BE29265259C500A911F4 /* DDTTYLogger.m */,
				DB67BE2A265259C500A911F4 /* DDLog.h */,
				DB67BE2B265259C500A911F4 /* DDAbstractDatabaseLogger.h */,
				DB67BE2C265259C500A911F4 /* DDASLLogger.m */,
				DB67BE2D265259C500A911F4 /* DDFileLogger.h */,
				DB67BE2E265259C500A911F4 /* Extensions */,
				DB67BE34265259C500A911F4 /* DDLog.m */,
				DB67BE35265259C500A911F4 /* DDTTYLogger.h */,
				DB67BE36265259C500A911F4 /* DDAbstractDatabaseLogger.m */,
				DB67BE37265259C500A911F4 /* DDFileLogger.m */,
				DB67BE38265259C500A911F4 /* DDASLLogger.h */,
			);
			path = CocoaLumberjack;
			sourceTree = "<group>";
		};
		DB67BE2E265259C500A911F4 /* Extensions */ = {
			isa = PBXGroup;
			children = (
				DB67BE2F265259C500A911F4 /* ContextFilterLogFormatter.h */,
				DB67BE30265259C500A911F4 /* DispatchQueueLogFormatter.h */,
				DB67BE31265259C500A911F4 /* ContextFilterLogFormatter.m */,
				DB67BE32265259C500A911F4 /* DispatchQueueLogFormatter.m */,
				DB67BE33265259C500A911F4 /* README.txt */,
			);
			path = Extensions;
			sourceTree = "<group>";
		};
		DB67BE3E265259C500A911F4 /* Mime */ = {
			isa = PBXGroup;
			children = (
				DB67BE3F265259C500A911F4 /* MultipartFormDataParser.h */,
				DB67BE40265259C500A911F4 /* MultipartMessageHeader.h */,
				DB67BE41265259C500A911F4 /* MultipartMessageHeaderField.m */,
				DB67BE42265259C500A911F4 /* MultipartFormDataParser.m */,
				DB67BE43265259C500A911F4 /* MultipartMessageHeader.m */,
				DB67BE44265259C500A911F4 /* MultipartMessageHeaderField.h */,
			);
			path = Mime;
			sourceTree = "<group>";
		};
		DB67BE46265259C500A911F4 /* Categories */ = {
			isa = PBXGroup;
			children = (
				DB67BE47265259C500A911F4 /* DDNumber.m */,
				DB67BE48265259C500A911F4 /* DDData.m */,
				DB67BE49265259C500A911F4 /* DDRange.h */,
				DB67BE4A265259C500A911F4 /* DDNumber.h */,
				DB67BE4B265259C500A911F4 /* DDRange.m */,
				DB67BE4C265259C500A911F4 /* DDData.h */,
			);
			path = Categories;
			sourceTree = "<group>";
		};
		DB67BE4D265259C500A911F4 /* CocoaAsyncSocket */ = {
			isa = PBXGroup;
			children = (
				DB67BE4E265259C500A911F4 /* GCDAsyncSocket.m */,
				DB67BE4F265259C500A911F4 /* GCDAsyncSocket.h */,
			);
			path = CocoaAsyncSocket;
			sourceTree = "<group>";
		};
		DBA3183F2657941300A38BDA /* Managers */ = {
			isa = PBXGroup;
			children = (
				DBA3184026590B5B00A38BDA /* ZBDownLoadManager.h */,
				DBA3184126590B5B00A38BDA /* ZBDownLoadManager.m */,
			);
			path = Managers;
			sourceTree = "<group>";
		};
		DBCAE9292646886D009E50CE /* Modulars */ = {
			isa = PBXGroup;
			children = (
				DBCAE93F26468A7A009E50CE /* Home */,
				DBCAE93526468A7A009E50CE /* iPA */,
				DBCAE93026468A7A009E50CE /* Cert */,
				DBCAE94426468A7A009E50CE /* Resign */,
				DBCAE93A26468A7A009E50CE /* Profile */,
			);
			path = Modulars;
			sourceTree = "<group>";
		};
		DBCAE93026468A7A009E50CE /* Cert */ = {
			isa = PBXGroup;
			children = (
				DBCAE94E26468ACD009E50CE /* ZBCertViewController.h */,
				DBCAE94F26468ACD009E50CE /* ZBCertViewController.m */,
				DBCAE93326468A7A009E50CE /* ViewControllers */,
				DBCAE93126468A7A009E50CE /* ViewModels */,
				DBCAE93226468A7A009E50CE /* Models */,
				DBCAE93426468A7A009E50CE /* Views */,
			);
			path = Cert;
			sourceTree = "<group>";
		};
		DBCAE93126468A7A009E50CE /* ViewModels */ = {
			isa = PBXGroup;
			children = (
			);
			path = ViewModels;
			sourceTree = "<group>";
		};
		DBCAE93226468A7A009E50CE /* Models */ = {
			isa = PBXGroup;
			children = (
			);
			path = Models;
			sourceTree = "<group>";
		};
		DBCAE93326468A7A009E50CE /* ViewControllers */ = {
			isa = PBXGroup;
			children = (
			);
			path = ViewControllers;
			sourceTree = "<group>";
		};
		DBCAE93426468A7A009E50CE /* Views */ = {
			isa = PBXGroup;
			children = (
			);
			path = Views;
			sourceTree = "<group>";
		};
		DBCAE93526468A7A009E50CE /* iPA */ = {
			isa = PBXGroup;
			children = (
				DBCAE95426468AE5009E50CE /* ZBiPAViewController.h */,
				DBCAE95526468AE5009E50CE /* ZBiPAViewController.m */,
				DB67BDDD264FB8D300A911F4 /* ZBiPATableViewCell.h */,
				DB67BDDE264FB8D300A911F4 /* ZBiPATableViewCell.m */,
				DB67BDDF264FB8D300A911F4 /* ZBiPATableViewCell.xib */,
			);
			path = iPA;
			sourceTree = "<group>";
		};
		DBCAE93A26468A7A009E50CE /* Profile */ = {
			isa = PBXGroup;
			children = (
				DBCAE95826468AF5009E50CE /* ZBProfileViewController.h */,
				DBCAE95926468AF5009E50CE /* ZBProfileViewController.m */,
				DBCAE93D26468A7A009E50CE /* ViewControllers */,
				DBCAE93B26468A7A009E50CE /* ViewModels */,
				DBCAE93C26468A7A009E50CE /* Models */,
				DBCAE93E26468A7A009E50CE /* Views */,
			);
			path = Profile;
			sourceTree = "<group>";
		};
		DBCAE93B26468A7A009E50CE /* ViewModels */ = {
			isa = PBXGroup;
			children = (
			);
			path = ViewModels;
			sourceTree = "<group>";
		};
		DBCAE93C26468A7A009E50CE /* Models */ = {
			isa = PBXGroup;
			children = (
			);
			path = Models;
			sourceTree = "<group>";
		};
		DBCAE93D26468A7A009E50CE /* ViewControllers */ = {
			isa = PBXGroup;
			children = (
			);
			path = ViewControllers;
			sourceTree = "<group>";
		};
		DBCAE93E26468A7A009E50CE /* Views */ = {
			isa = PBXGroup;
			children = (
			);
			path = Views;
			sourceTree = "<group>";
		};
		DBCAE93F26468A7A009E50CE /* Home */ = {
			isa = PBXGroup;
			children = (
				DBCAE94926468A9D009E50CE /* ZBHomeViewController.h */,
				DBCAE94A26468A9D009E50CE /* ZBHomeViewController.m */,
				DB294D2C264924F60066F4C2 /* ZBHomeTableViewCell.h */,
				DB294D2D264924F60066F4C2 /* ZBHomeTableViewCell.m */,
				DB294D2E264924F60066F4C2 /* ZBHomeTableViewCell.xib */,
			);
			path = Home;
			sourceTree = "<group>";
		};
		DBCAE94426468A7A009E50CE /* Resign */ = {
			isa = PBXGroup;
			children = (
				DBCAE95C26468B0C009E50CE /* ZBResignViewController.h */,
				DBCAE95D26468B0C009E50CE /* ZBResignViewController.m */,
				DBCAE94726468A7A009E50CE /* ViewControllers */,
				DBCAE94526468A7A009E50CE /* ViewModels */,
				DBCAE94626468A7A009E50CE /* Models */,
				DBCAE94826468A7A009E50CE /* Views */,
			);
			path = Resign;
			sourceTree = "<group>";
		};
		DBCAE94526468A7A009E50CE /* ViewModels */ = {
			isa = PBXGroup;
			children = (
			);
			path = ViewModels;
			sourceTree = "<group>";
		};
		DBCAE94626468A7A009E50CE /* Models */ = {
			isa = PBXGroup;
			children = (
			);
			path = Models;
			sourceTree = "<group>";
		};
		DBCAE94726468A7A009E50CE /* ViewControllers */ = {
			isa = PBXGroup;
			children = (
			);
			path = ViewControllers;
			sourceTree = "<group>";
		};
		DBCAE94826468A7A009E50CE /* Views */ = {
			isa = PBXGroup;
			children = (
			);
			path = Views;
			sourceTree = "<group>";
		};
		DBCAE96626469F09009E50CE /* doc */ = {
			isa = PBXGroup;
			children = (
				DBCAE96726469F37009E50CE /* .gitignore */,
				DBCAE96826469F42009E50CE /* README.md */,
			);
			name = doc;
			sourceTree = "<group>";
		};
/* End PBXGroup section */

/* Begin PBXNativeTarget section */
		DB585BCA26467FCC008DE72A /* iPATools */ = {
			isa = PBXNativeTarget;
			buildConfigurationList = DB585BE426467FCE008DE72A /* Build configuration list for PBXNativeTarget "iPATools" */;
			buildPhases = (				26846F4C90978D838D8CE4BF /* [CP] Check Pods Manifest.lock */,
				DB585BC726467FCC008DE72A /* Sources */,
				DB585BC826467FCC008DE72A /* Frameworks */,
				DB585BC926467FCC008DE72A /* Resources */,
				01F892F4C9C20F48BC68EF9C /* [CP] Embed Pods Frameworks */,
			);
			buildRules = (
			);
			dependencies = (
			);
			name = iPATools;
			productName = iPATools;
			productReference = DB585BCB26467FCC008DE72A /* iPATools.app */;
			productType = "com.apple.product-type.application";
		};
/* End PBXNativeTarget section */

/* Begin PBXProject section */
		DB585BC326467FCC008DE72A /* Project object */ = {
			isa = PBXProject;
			attributes = {
				CLASSPREFIX = ZB;
				LastUpgradeCheck = 1240;
				ORGANIZATIONNAME = "@itzhangbao.com";
				TargetAttributes = {
					DB585BCA26467FCC008DE72A = {
						CreatedOnToolsVersion = 12.4;
					};
				};
			};
			buildConfigurationList = DB585BC626467FCC008DE72A /* Build configuration list for PBXProject "iPATools" */;
			compatibilityVersion = "Xcode 9.3";
			developmentRegion = en;
			hasScannedForEncodings = 0;
			knownRegions = (
				en,
				Base,
			);
			mainGroup = DB585BC226467FCC008DE72A;
			productRefGroup = DB585BCC26467FCC008DE72A /* Products */;
			projectDirPath = "";
			projectRoot = "";
			targets = (
				DB585BCA26467FCC008DE72A /* iPATools */,
			);
		};
/* End PBXProject section */

/* Begin PBXResourcesBuildPhase section */
		DB585BC926467FCC008DE72A /* Resources */ = {
			isa = PBXResourcesBuildPhase;
			buildActionMask = 2147483647;
			files = (
				DB294DB6264A59FA0066F4C2 /* ipas.json in Resources */,
				DB294D30264924F60066F4C2 /* ZBHomeTableViewCell.xib in Resources */,
				DB585C1426468533008DE72A /* LaunchScreen.storyboard in Resources */,
				DB585C21264685D9008DE72A /* Images.xcassets in Resources */,
				DB67BE5B265259C500A911F4 /* README.txt in Resources */,
				DB67BDE1264FB8D300A911F4 /* ZBiPATableViewCell.xib in Resources */,
			);
			runOnlyForDeploymentPostprocessing = 0;
		};
/* End PBXResourcesBuildPhase section */

/* Begin PBXShellScriptBuildPhase section */
	
		01F892F4C9C20F48BC68EF9C /* [CP] Embed Pods Frameworks */ = {
			isa = PBXShellScriptBuildPhase;
			buildActionMask = 2147483647;
			files = (
			);
			inputFileListPaths = (
				"${PODS_ROOT}/Target Support Files/Pods-iPATools/Pods-iPATools-frameworks-${CONFIGURATION}-input-files.xcfilelist",
			);
			name = "[CP] Embed Pods Frameworks";
			outputFileListPaths = (
				"${PODS_ROOT}/Target Support Files/Pods-iPATools/Pods-iPATools-frameworks-${CONFIGURATION}-output-files.xcfilelist",
			);
			runOnlyForDeploymentPostprocessing = 0;
			shellPath = /bin/sh;
			shellScript = "\"${PODS_ROOT}/Target Support Files/Pods-iPATools/Pods-iPATools-frameworks.sh\"\n";
			showEnvVarsInLog = 0;
		};
		26846F4C90978D838D8CE4BF /* [CP] Check Pods Manifest.lock */ = {
			isa = PBXShellScriptBuildPhase;
			buildActionMask = 2147483647;
			files = (
			);
			inputFileListPaths = (
			);
			inputPaths = (
				"${PODS_PODFILE_DIR_PATH}/Podfile.lock",
				"${PODS_ROOT}/Manifest.lock",
			);
			name = "[CP] Check Pods Manifest.lock";
			outputFileListPaths = (
			);
			outputPaths = (
				"$(DERIVED_FILE_DIR)/Pods-iPATools-checkManifestLockResult.txt",
			);
			runOnlyForDeploymentPostprocessing = 0;
			shellPath = /bin/sh;
			shellScript = "diff \"${PODS_PODFILE_DIR_PATH}/Podfile.lock\" \"${PODS_ROOT}/Manifest.lock\" > /dev/null\nif [ $? != 0 ] ; then\n    # print error to STDERR\n    echo \"error: The sandbox is not in sync with the Podfile.lock. Run 'pod install' or update your CocoaPods installation.\" >&2\n    exit 1\nfi\n# This output is used by Xcode 'outputs' to avoid re-running this script phase.\necho \"SUCCESS\" > \"${SCRIPT_OUTPUT_FILE_0}\"\n";
			showEnvVarsInLog = 0;
		};
/* End PBXShellScriptBuildPhase section */

/* Begin PBXSourcesBuildPhase section */
		DB585BC726467FCC008DE72A /* Sources */ = {
			isa = PBXSourcesBuildPhase;
			buildActionMask = 2147483647;
			files = (
				DBCAE95A26468AF5009E50CE /* ZBProfileViewController.m in Sources */,
				DB67BE64265259C500A911F4 /* MultipartMessageHeader.m in Sources */,
				DB67BE62265259C500A911F4 /* MultipartMessageHeaderField.m in Sources */,
				DB67BE65265259C500A911F4 /* HTTPAuthenticationRequest.m in Sources */,
				DB67BE60265259C500A911F4 /* HTTPConnection.m in Sources */,
				DB67BE5F265259C500A911F4 /* HTTPMessage.m in Sources */,
				DB67BE5A265259C500A911F4 /* DispatchQueueLogFormatter.m in Sources */,
				DB7DDC4126563B9F00D2CE58 /* UIApplication+ZBKit.m in Sources */,
				DBCAE95026468ACD009E50CE /* ZBCertViewController.m in Sources */,
				DB67BE53265259C500A911F4 /* HTTPDynamicFileResponse.m in Sources */,
				DB67BE51265259C500A911F4 /* HTTPErrorResponse.m in Sources */,
				DB585C09264684BA008DE72A /* AppDelegate.m in Sources */,
				DB67BE63265259C500A911F4 /* MultipartFormDataParser.m in Sources */,
				DBCAE95626468AE5009E50CE /* ZBiPAViewController.m in Sources */,
				DB67BE57265259C500A911F4 /* DDTTYLogger.m in Sources */,
				DB67BE54265259C500A911F4 /* HTTPFileResponse.m in Sources */,
				DB67BE61265259C500A911F4 /* WebSocket.m in Sources */,
				DB67BDDC264E846300A911F4 /* YCDownloadItem.m in Sources */,
				DB67BE59265259C500A911F4 /* ContextFilterLogFormatter.m in Sources */,
				DB67BDD7264E846300A911F4 /* YCDownloadManager.m in Sources */,
				DBCAE95E26468B0C009E50CE /* ZBResignViewController.m in Sources */,
				DBCAE96226468B30009E50CE /* ZBNavigationController.m in Sources */,
				DB67BDDB264E846300A911F4 /* YCDownloadTask.m in Sources */,
				DB294D2F264924F60066F4C2 /* ZBHomeTableViewCell.m in Sources */,
				DB67BE58265259C500A911F4 /* DDASLLogger.m in Sources */,
				DB585C1C264685B8008DE72A /* ZBBaseViewController.m in Sources */,
				DB67BDDA264E846300A911F4 /* YCDownloadDB.m in Sources */,
				DB294D4026493E9E0066F4C2 /* UIColor+ZBKit.m in Sources */,
				DB67BE52265259C500A911F4 /* HTTPDataResponse.m in Sources */,
				DB294D2426490F840066F4C2 /* ZBTableViewCell.m in Sources */,
				DB67BE67265259C500A911F4 /* DDData.m in Sources */,
				DB67BE68265259C500A911F4 /* DDRange.m in Sources */,
				DB585C08264684BA008DE72A /* main.m in Sources */,
				DBA3184226590B5B00A38BDA /* ZBDownLoadManager.m in Sources */,
				DB294D2A26491F970066F4C2 /* ZBiPAModel.m in Sources */,
				DB67BE5E265259C500A911F4 /* DDFileLogger.m in Sources */,
				DB67BDE0264FB8D300A911F4 /* ZBiPATableViewCell.m in Sources */,
				DBCAE96B26490BD1009E50CE /* ZBTableViewController.m in Sources */,
				DB67BE69265259C500A911F4 /* GCDAsyncSocket.m in Sources */,
				DB67BE6A265259C500A911F4 /* HTTPServer.m in Sources */,
				DB67BDD9264E846300A911F4 /* YCDownloadUtils.m in Sources */,
				DB67BE752653B04F00A911F4 /* ZBLibsConfiguration.m in Sources */,
				DB67BE5C265259C500A911F4 /* DDLog.m in Sources */,
				DBCAE94B26468A9D009E50CE /* ZBHomeViewController.m in Sources */,
				DB7DDC3E26563B1400D2CE58 /* NSString+ZBKit.m in Sources */,
				DB585C302646869F008DE72A /* ZBTabBarController.m in Sources */,
				DB67BE782653CDD200A911F4 /* ZBiPAUtils.m in Sources */,
				DB67BDD8264E846300A911F4 /* YCDownloader.m in Sources */,
				DB67BE56265259C500A911F4 /* HTTPRedirectResponse.m in Sources */,
				DB67BE66265259C500A911F4 /* DDNumber.m in Sources */,
				DB67BE5D265259C500A911F4 /* DDAbstractDatabaseLogger.m in Sources */,
				DB67BE55265259C500A911F4 /* HTTPAsyncFileResponse.m in Sources */,
			);
			runOnlyForDeploymentPostprocessing = 0;
		};
/* End PBXSourcesBuildPhase section */

/* Begin PBXVariantGroup section */
		DB585C0E26468533008DE72A /* LaunchScreen.storyboard */ = {
			isa = PBXVariantGroup;
			children = (
				DB585C0F26468533008DE72A /* Base */,
			);
			name = LaunchScreen.storyboard;
			sourceTree = "<group>";
		};
/* End PBXVariantGroup section */

/* Begin XCBuildConfiguration section */
		DB585BE226467FCE008DE72A /* Debug */ = {
			isa = XCBuildConfiguration;
			buildSettings = {
				ALWAYS_SEARCH_USER_PATHS = NO;
				CLANG_ANALYZER_NONNULL = YES;
				CLANG_ANALYZER_NUMBER_OBJECT_CONVERSION = YES_AGGRESSIVE;
				CLANG_CXX_LANGUAGE_STANDARD = "gnu++14";
				CLANG_CXX_LIBRARY = "libc++";
				CLANG_ENABLE_MODULES = YES;
				CLANG_ENABLE_OBJC_ARC = YES;
				CLANG_ENABLE_OBJC_WEAK = YES;
				CLANG_WARN_BLOCK_CAPTURE_AUTORELEASING = YES;
				CLANG_WARN_BOOL_CONVERSION = YES;
				CLANG_WARN_COMMA = YES;
				CLANG_WARN_CONSTANT_CONVERSION = YES;
				CLANG_WARN_DEPRECATED_OBJC_IMPLEMENTATIONS = YES;
				CLANG_WARN_DIRECT_OBJC_ISA_USAGE = YES_ERROR;
				CLANG_WARN_DOCUMENTATION_COMMENTS = YES;
				CLANG_WARN_EMPTY_BODY = YES;
				CLANG_WARN_ENUM_CONVERSION = YES;
				CLANG_WARN_INFINITE_RECURSION = YES;
				CLANG_WARN_INT_CONVERSION = YES;
				CLANG_WARN_NON_LITERAL_NULL_CONVERSION = YES;
				CLANG_WARN_OBJC_IMPLICIT_RETAIN_SELF = YES;
				CLANG_WARN_OBJC_LITERAL_CONVERSION = YES;
				CLANG_WARN_OBJC_ROOT_CLASS = YES_ERROR;
				CLANG_WARN_QUOTED_INCLUDE_IN_FRAMEWORK_HEADER = YES;
				CLANG_WARN_RANGE_LOOP_ANALYSIS = YES;
				CLANG_WARN_STRICT_PROTOTYPES = YES;
				CLANG_WARN_SUSPICIOUS_MOVE = YES;
				CLANG_WARN_UNGUARDED_AVAILABILITY = YES_AGGRESSIVE;
				CLANG_WARN_UNREACHABLE_CODE = YES;
				CLANG_WARN__DUPLICATE_METHOD_MATCH = YES;
				COPY_PHASE_STRIP = NO;
				DEBUG_INFORMATION_FORMAT = dwarf;
				ENABLE_STRICT_OBJC_MSGSEND = YES;
				ENABLE_TESTABILITY = YES;
				GCC_C_LANGUAGE_STANDARD = gnu11;
				GCC_DYNAMIC_NO_PIC = NO;
				GCC_NO_COMMON_BLOCKS = YES;
				GCC_OPTIMIZATION_LEVEL = 0;
				GCC_PREPROCESSOR_DEFINITIONS = (
					"DEBUG=1",
					"$(inherited)",
				);
				GCC_WARN_64_TO_32_BIT_CONVERSION = YES;
				GCC_WARN_ABOUT_RETURN_TYPE = YES_ERROR;
				GCC_WARN_UNDECLARED_SELECTOR = YES;
				GCC_WARN_UNINITIALIZED_AUTOS = YES_AGGRESSIVE;
				GCC_WARN_UNUSED_FUNCTION = YES;
				GCC_WARN_UNUSED_VARIABLE = YES;
				IPHONEOS_DEPLOYMENT_TARGET = 14.4;
				MTL_ENABLE_DEBUG_INFO = INCLUDE_SOURCE;
				MTL_FAST_MATH = YES;
				ONLY_ACTIVE_ARCH = YES;
				SDKROOT = iphoneos;
			};
			name = Debug;
		};
		DB585BE326467FCE008DE72A /* Release */ = {
			isa = XCBuildConfiguration;
			buildSettings = {
				ALWAYS_SEARCH_USER_PATHS = NO;
				CLANG_ANALYZER_NONNULL = YES;
				CLANG_ANALYZER_NUMBER_OBJECT_CONVERSION = YES_AGGRESSIVE;
				CLANG_CXX_LANGUAGE_STANDARD = "gnu++14";
				CLANG_CXX_LIBRARY = "libc++";
				CLANG_ENABLE_MODULES = YES;
				CLANG_ENABLE_OBJC_ARC = YES;
				CLANG_ENABLE_OBJC_WEAK = YES;
				CLANG_WARN_BLOCK_CAPTURE_AUTORELEASING = YES;
				CLANG_WARN_BOOL_CONVERSION = YES;
				CLANG_WARN_COMMA = YES;
				CLANG_WARN_CONSTANT_CONVERSION = YES;
				CLANG_WARN_DEPRECATED_OBJC_IMPLEMENTATIONS = YES;
				CLANG_WARN_DIRECT_OBJC_ISA_USAGE = YES_ERROR;
				CLANG_WARN_DOCUMENTATION_COMMENTS = YES;
				CLANG_WARN_EMPTY_BODY = YES;
				CLANG_WARN_ENUM_CONVERSION = YES;
				CLANG_WARN_INFINITE_RECURSION = YES;
				CLANG_WARN_INT_CONVERSION = YES;
				CLANG_WARN_NON_LITERAL_NULL_CONVERSION = YES;
				CLANG_WARN_OBJC_IMPLICIT_RETAIN_SELF = YES;
				CLANG_WARN_OBJC_LITERAL_CONVERSION = YES;
				CLANG_WARN_OBJC_ROOT_CLASS = YES_ERROR;
				CLANG_WARN_QUOTED_INCLUDE_IN_FRAMEWORK_HEADER = YES;
				CLANG_WARN_RANGE_LOOP_ANALYSIS = YES;
				CLANG_WARN_STRICT_PROTOTYPES = YES;
				CLANG_WARN_SUSPICIOUS_MOVE = YES;
				CLANG_WARN_UNGUARDED_AVAILABILITY = YES_AGGRESSIVE;
				CLANG_WARN_UNREACHABLE_CODE = YES;
				CLANG_WARN__DUPLICATE_METHOD_MATCH = YES;
				COPY_PHASE_STRIP = NO;
				DEBUG_INFORMATION_FORMAT = "dwarf-with-dsym";
				ENABLE_NS_ASSERTIONS = NO;
				ENABLE_STRICT_OBJC_MSGSEND = YES;
				GCC_C_LANGUAGE_STANDARD = gnu11;
				GCC_NO_COMMON_BLOCKS = YES;
				GCC_WARN_64_TO_32_BIT_CONVERSION = YES;
				GCC_WARN_ABOUT_RETURN_TYPE = YES_ERROR;
				GCC_WARN_UNDECLARED_SELECTOR = YES;
				GCC_WARN_UNINITIALIZED_AUTOS = YES_AGGRESSIVE;
				GCC_WARN_UNUSED_FUNCTION = YES;
				GCC_WARN_UNUSED_VARIABLE = YES;
				IPHONEOS_DEPLOYMENT_TARGET = 14.4;
				MTL_ENABLE_DEBUG_INFO = NO;
				MTL_FAST_MATH = YES;
				SDKROOT = iphoneos;
				VALIDATE_PRODUCT = YES;
			};
			name = Release;
		};
		DB585BE526467FCE008DE72A /* Debug */ = {
			isa = XCBuildConfiguration;
			baseConfigurationReference = 8D3E686A62F9886E8ECC9154 /* Pods-iPATools.debug.xcconfig */;
			buildSettings = {
				ASSETCATALOG_COMPILER_APPICON_NAME = AppIcon;
				ASSETCATALOG_COMPILER_GLOBAL_ACCENT_COLOR_NAME = AccentColor;
				CODE_SIGN_STYLE = Automatic;
				DEVELOPMENT_TEAM = W5ELC54N2N;
				HEADER_SEARCH_PATHS = (
					"$(inherited)",
					"\"${PODS_CONFIGURATION_BUILD_DIR}/Masonry/Masonry.framework/Headers\"",
					"\"${PODS_CONFIGURATION_BUILD_DIR}/SwiftTheme/SwiftTheme.framework/Headers\"",
					"\"${PODS_CONFIGURATION_BUILD_DIR}/lottie-ios/Lottie.framework/Headers\"",
					"\"${PODS_ROOT}/Headers/Public\"",
					"\"${PODS_ROOT}/Headers/Public/OpenSSL-Universal\"",
					"${PROJECT_DIR}/iPATools/Libs/libProvision/include",
				);
				INFOPLIST_FILE = iPATools/Info.plist;
				IPHONEOS_DEPLOYMENT_TARGET = 9.0;
				LD_RUNPATH_SEARCH_PATHS = (
					"$(inherited)",
					"@executable_path/Frameworks",
				);
				LIBRARY_SEARCH_PATHS = (
					"$(inherited)",
					"$(PROJECT_DIR)",
					"$(PROJECT_DIR)/iPATools/Libs/libProvision",
				);
				MARKETING_VERSION = 1.0.0;
				PRODUCT_BUNDLE_IDENTIFIER = com.jumbo.iaptools;
				PRODUCT_NAME = "$(TARGET_NAME)";
				TARGETED_DEVICE_FAMILY = "1,2";
			};
			name = Debug;
		};
		DB585BE626467FCE008DE72A /* Release */ = {
			isa = XCBuildConfiguration;
			baseConfigurationReference = 8119D5482A84A823167995D7 /* Pods-iPATools.release.xcconfig */;
			buildSettings = {
				ASSETCATALOG_COMPILER_APPICON_NAME = AppIcon;
				ASSETCATALOG_COMPILER_GLOBAL_ACCENT_COLOR_NAME = AccentColor;
				CODE_SIGN_STYLE = Automatic;
				DEVELOPMENT_TEAM = W5ELC54N2N;
				HEADER_SEARCH_PATHS = (
					"$(inherited)",
					"\"${PODS_CONFIGURATION_BUILD_DIR}/Masonry/Masonry.framework/Headers\"",
					"\"${PODS_CONFIGURATION_BUILD_DIR}/SwiftTheme/SwiftTheme.framework/Headers\"",
					"\"${PODS_CONFIGURATION_BUILD_DIR}/lottie-ios/Lottie.framework/Headers\"",
					"\"${PODS_ROOT}/Headers/Public\"",
					"\"${PODS_ROOT}/Headers/Public/OpenSSL-Universal\"",
					"${PROJECT_DIR}/iPATools/Libs/libProvision/include",
				);
				INFOPLIST_FILE = iPATools/Info.plist;
				IPHONEOS_DEPLOYMENT_TARGET = 9.0;
				LD_RUNPATH_SEARCH_PATHS = (
					"$(inherited)",
					"@executable_path/Frameworks",
				);
				LIBRARY_SEARCH_PATHS = (
					"$(inherited)",
					"$(PROJECT_DIR)",
					"$(PROJECT_DIR)/iPATools/Libs/libProvision",
				);
				MARKETING_VERSION = 1.0.0;
				PRODUCT_BUNDLE_IDENTIFIER = com.jumbo.iaptools;
				PRODUCT_NAME = "$(TARGET_NAME)";
				TARGETED_DEVICE_FAMILY = "1,2";
			};
			name = Release;
		};
/* End XCBuildConfiguration section */

/* Begin XCConfigurationList section */
		DB585BC626467FCC008DE72A /* Build configuration list for PBXProject "iPATools" */ = {
			isa = XCConfigurationList;
			buildConfigurations = (
				DB585BE226467FCE008DE72A /* Debug */,
				DB585BE326467FCE008DE72A /* Release */,
			);
			defaultConfigurationIsVisible = 0;
			defaultConfigurationName = Release;
		};
		DB585BE426467FCE008DE72A /* Build configuration list for PBXNativeTarget "iPATools" */ = {
			isa = XCConfigurationList;
			buildConfigurations = (
				DB585BE526467FCE008DE72A /* Debug */,
				DB585BE626467FCE008DE72A /* Release */,
			);
			defaultConfigurationIsVisible = 0;
			defaultConfigurationName = Release;
		};
/* End XCConfigurationList section */
	};
	rootObject = DB585BC326467FCC008DE72A /* Project object */;
}
