PODS:
  - lottie-ios (3.2.2)
  - Masonry (1.1.0)
  - OpenSSL-Universal (1.0.2.13)
  - SwiftTheme (0.6.0)

DEPENDENCIES:
  - lottie-ios
  - Masonry
  - OpenSSL-Universal (= 1.0.2.13)
  - SwiftTheme

SPEC REPOS:
  trunk:
    - lottie-ios
    - Masonry
    - OpenSSL-Universal
    - SwiftTheme

SPEC CHECKSUMS:
  lottie-ios: a033bb989eea77d9f99cc4e2bbdd3788229761ad
  Masonry: 678fab65091a9290e40e2832a55e7ab731aad201
  OpenSSL-Universal: 401888162f11c33ebbd46f782d9229da35c61327
  SwiftTheme: 50c3b3d38bdee43212af1f4ec0fb95dec550b2be

PODFILE CHECKSUM: 451fba3ef93d85878aa7638385aeecf019da508c

COCOAPODS: 1.10.1
